{"format_version":"1.2","terraform_version":"1.13.2","variables":{"additional_ous":{"value":{"billing":{"parent_ou":"workloads"}}},"app_name":{"value":"minimal-gov-org"},"aws_service_access_principals":{"value":["guardduty.amazonaws.com","config.amazonaws.com","cloudtrail.amazonaws.com","securityhub.amazonaws.com","sso.amazonaws.com"]},"delegated_services":{"value":["guardduty.amazonaws.com","config.amazonaws.com","config-multiaccountsetup.amazonaws.com","cloudtrail.amazonaws.com","securityhub.amazonaws.com"]},"enabled_policy_types":{"value":["SERVICE_CONTROL_POLICY","TAG_POLICY"]},"env":{"value":"prod"},"member_accounts":{"value":{"dev":{"email":"rt.aws0+test@gmail.com","name":"Dev","ou":"dev","tags":"Dev"},"network":{"email":"rt.aws0+network@gmail.com","name":"Network","ou":"workloads","tags":"Network"},"onprem":{"email":"rt.aws0+onprem@gmail.com","name":"Onprem","ou":"workloads","tags":"Onprem"},"ops":{"email":"rt.aws0+ops@gmail.com","name":"Ops","ou":"workloads","tags":"Ops"}}},"region":{"value":"ap-northeast-1"},"security_account_email":{"value":"rt.aws0+sec@gmail.com"},"security_account_name":{"value":"Security"},"tags":{"value":{"Environment":"dev","ManagedBy":"Terraform","Project":"minimal-gov"}}},"planned_values":{"outputs":{"member_account_ids":{"sensitive":false},"organization_id":{"sensitive":false},"ou_ids":{"sensitive":false},"root_id":{"sensitive":false},"security_account_id":{"sensitive":false}},"root_module":{"resources":[{"address":"aws_organizations_account.members[\"dev\"]","mode":"managed","type":"aws_organizations_account","name":"members","index":"dev","provider_name":"registry.terraform.io/hashicorp/aws","schema_version":0,"values":{"close_on_deletion":false,"create_govcloud":false,"email":"rt.aws0+test@gmail.com","iam_user_access_to_billing":null,"name":"Dev","role_name":"OrganizationAccountAccessRole","tags":{"AccountType":"Dev","Environment":"dev","ManagedBy":"Terraform","Project":"minimal-gov"},"tags_all":{"AccountType":"Dev","Application":"minimal-gov-org","Environment":"dev","ManagedBy":"Terraform","Project":"minimal-gov","Region":"ap-northeast-1"},"timeouts":{"create":"2h","delete":null,"update":null}},"sensitive_values":{"tags":{},"tags_all":{},"timeouts":{}},"identity_schema_version":0,"identity":{"account_id":null,"id":null}},{"address":"aws_organizations_account.members[\"network\"]","mode":"managed","type":"aws_organizations_account","name":"members","index":"network","provider_name":"registry.terraform.io/hashicorp/aws","schema_version":0,"values":{"close_on_deletion":false,"create_govcloud":false,"email":"rt.aws0+network@gmail.com","iam_user_access_to_billing":null,"name":"Network","role_name":"OrganizationAccountAccessRole","tags":{"AccountType":"Network","Environment":"dev","ManagedBy":"Terraform","Project":"minimal-gov"},"tags_all":{"AccountType":"Network","Application":"minimal-gov-org","Environment":"dev","ManagedBy":"Terraform","Project":"minimal-gov","Region":"ap-northeast-1"},"timeouts":{"create":"2h","delete":null,"update":null}},"sensitive_values":{"tags":{},"tags_all":{},"timeouts":{}},"identity_schema_version":0,"identity":{"account_id":null,"id":null}},{"address":"aws_organizations_account.members[\"onprem\"]","mode":"managed","type":"aws_organizations_account","name":"members","index":"onprem","provider_name":"registry.terraform.io/hashicorp/aws","schema_version":0,"values":{"close_on_deletion":false,"create_govcloud":false,"email":"rt.aws0+onprem@gmail.com","iam_user_access_to_billing":null,"name":"Onprem","role_name":"OrganizationAccountAccessRole","tags":{"AccountType":"Onprem","Environment":"dev","ManagedBy":"Terraform","Project":"minimal-gov"},"tags_all":{"AccountType":"Onprem","Application":"minimal-gov-org","Environment":"dev","ManagedBy":"Terraform","Project":"minimal-gov","Region":"ap-northeast-1"},"timeouts":{"create":"2h","delete":null,"update":null}},"sensitive_values":{"tags":{},"tags_all":{},"timeouts":{}},"identity_schema_version":0,"identity":{"account_id":null,"id":null}},{"address":"aws_organizations_account.members[\"ops\"]","mode":"managed","type":"aws_organizations_account","name":"members","index":"ops","provider_name":"registry.terraform.io/hashicorp/aws","schema_version":0,"values":{"close_on_deletion":false,"create_govcloud":false,"email":"rt.aws0+ops@gmail.com","iam_user_access_to_billing":null,"name":"Ops","role_name":"OrganizationAccountAccessRole","tags":{"AccountType":"Ops","Environment":"dev","ManagedBy":"Terraform","Project":"minimal-gov"},"tags_all":{"AccountType":"Ops","Application":"minimal-gov-org","Environment":"dev","ManagedBy":"Terraform","Project":"minimal-gov","Region":"ap-northeast-1"},"timeouts":{"create":"2h","delete":null,"update":null}},"sensitive_values":{"tags":{},"tags_all":{},"timeouts":{}},"identity_schema_version":0,"identity":{"account_id":null,"id":null}},{"address":"aws_organizations_account.security","mode":"managed","type":"aws_organizations_account","name":"security","provider_name":"registry.terraform.io/hashicorp/aws","schema_version":0,"values":{"close_on_deletion":false,"create_govcloud":false,"email":"rt.aws0+sec@gmail.com","iam_user_access_to_billing":null,"name":"Security","role_name":"OrganizationAccountAccessRole","tags":{"AccountType":"Security","Environment":"dev","ManagedBy":"Terraform","Project":"minimal-gov"},"tags_all":{"AccountType":"Security","Application":"minimal-gov-org","Environment":"dev","ManagedBy":"Terraform","Project":"minimal-gov","Region":"ap-northeast-1"},"timeouts":{"create":"2h","delete":null,"update":null}},"sensitive_values":{"tags":{},"tags_all":{},"timeouts":{}},"identity_schema_version":0,"identity":{"account_id":null,"id":null}},{"address":"aws_organizations_delegated_administrator.security_delegate[\"cloudtrail.amazonaws.com\"]","mode":"managed","type":"aws_organizations_delegated_administrator","name":"security_delegate","index":"cloudtrail.amazonaws.com","provider_name":"registry.terraform.io/hashicorp/aws","schema_version":0,"values":{"service_principal":"cloudtrail.amazonaws.com"},"sensitive_values":{},"identity_schema_version":0,"identity":{"account_id":null,"delegated_account_id":null,"service_principal":null}},{"address":"aws_organizations_delegated_administrator.security_delegate[\"config-multiaccountsetup.amazonaws.com\"]","mode":"managed","type":"aws_organizations_delegated_administrator","name":"security_delegate","index":"config-multiaccountsetup.amazonaws.com","provider_name":"registry.terraform.io/hashicorp/aws","schema_version":0,"values":{"service_principal":"config-multiaccountsetup.amazonaws.com"},"sensitive_values":{},"identity_schema_version":0,"identity":{"account_id":null,"delegated_account_id":null,"service_principal":null}},{"address":"aws_organizations_delegated_administrator.security_delegate[\"config.amazonaws.com\"]","mode":"managed","type":"aws_organizations_delegated_administrator","name":"security_delegate","index":"config.amazonaws.com","provider_name":"registry.terraform.io/hashicorp/aws","schema_version":0,"values":{"service_principal":"config.amazonaws.com"},"sensitive_values":{},"identity_schema_version":0,"identity":{"account_id":null,"delegated_account_id":null,"service_principal":null}},{"address":"aws_organizations_delegated_administrator.security_delegate[\"guardduty.amazonaws.com\"]","mode":"managed","type":"aws_organizations_delegated_administrator","name":"security_delegate","index":"guardduty.amazonaws.com","provider_name":"registry.terraform.io/hashicorp/aws","schema_version":0,"values":{"service_principal":"guardduty.amazonaws.com"},"sensitive_values":{},"identity_schema_version":0,"identity":{"account_id":null,"delegated_account_id":null,"service_principal":null}},{"address":"aws_organizations_delegated_administrator.security_delegate[\"securityhub.amazonaws.com\"]","mode":"managed","type":"aws_organizations_delegated_administrator","name":"security_delegate","index":"securityhub.amazonaws.com","provider_name":"registry.terraform.io/hashicorp/aws","schema_version":0,"values":{"service_principal":"securityhub.amazonaws.com"},"sensitive_values":{},"identity_schema_version":0,"identity":{"account_id":null,"delegated_account_id":null,"service_principal":null}},{"address":"aws_organizations_organization.this","mode":"managed","type":"aws_organizations_organization","name":"this","provider_name":"registry.terraform.io/hashicorp/aws","schema_version":0,"values":{"aws_service_access_principals":["cloudtrail.amazonaws.com","config-multiaccountsetup.amazonaws.com","config.amazonaws.com","guardduty.amazonaws.com","securityhub.amazonaws.com","sso.amazonaws.com"],"enabled_policy_types":["SERVICE_CONTROL_POLICY","TAG_POLICY"],"feature_set":"ALL"},"sensitive_values":{"accounts":[],"aws_service_access_principals":[false,false,false,false,false,false],"enabled_policy_types":[false,false],"non_master_accounts":[],"roots":[]},"identity_schema_version":0,"identity":{"account_id":null,"id":null}},{"address":"aws_organizations_organizational_unit.additional_ou[\"billing\"]","mode":"managed","type":"aws_organizations_organizational_unit","name":"additional_ou","index":"billing","provider_name":"registry.terraform.io/hashicorp/aws","schema_version":0,"values":{"name":"billing","tags":{"Environment":"dev","ManagedBy":"Terraform","Project":"minimal-gov"},"tags_all":{"Application":"minimal-gov-org","Environment":"dev","ManagedBy":"Terraform","Project":"minimal-gov","Region":"ap-northeast-1"}},"sensitive_values":{"accounts":[],"tags":{},"tags_all":{}},"identity_schema_version":0,"identity":{"account_id":null,"id":null}},{"address":"aws_organizations_organizational_unit.dev","mode":"managed","type":"aws_organizations_organizational_unit","name":"dev","provider_name":"registry.terraform.io/hashicorp/aws","schema_version":0,"values":{"name":"Dev","tags":{"Environment":"dev","ManagedBy":"Terraform","Project":"minimal-gov"},"tags_all":{"Application":"minimal-gov-org","Environment":"dev","ManagedBy":"Terraform","Project":"minimal-gov","Region":"ap-northeast-1"}},"sensitive_values":{"accounts":[],"tags":{},"tags_all":{}},"identity_schema_version":0,"identity":{"account_id":null,"id":null}},{"address":"aws_organizations_organizational_unit.prod","mode":"managed","type":"aws_organizations_organizational_unit","name":"prod","provider_name":"registry.terraform.io/hashicorp/aws","schema_version":0,"values":{"name":"Prod","tags":{"Environment":"dev","ManagedBy":"Terraform","Project":"minimal-gov"},"tags_all":{"Application":"minimal-gov-org","Environment":"dev","ManagedBy":"Terraform","Project":"minimal-gov","Region":"ap-northeast-1"}},"sensitive_values":{"accounts":[],"tags":{},"tags_all":{}},"identity_schema_version":0,"identity":{"account_id":null,"id":null}},{"address":"aws_organizations_organizational_unit.sandbox","mode":"managed","type":"aws_organizations_organizational_unit","name":"sandbox","provider_name":"registry.terraform.io/hashicorp/aws","schema_version":0,"values":{"name":"Sandbox","tags":{"Environment":"dev","ManagedBy":"Terraform","Project":"minimal-gov"},"tags_all":{"Application":"minimal-gov-org","Environment":"dev","ManagedBy":"Terraform","Project":"minimal-gov","Region":"ap-northeast-1"}},"sensitive_values":{"accounts":[],"tags":{},"tags_all":{}},"identity_schema_version":0,"identity":{"account_id":null,"id":null}},{"address":"aws_organizations_organizational_unit.security","mode":"managed","type":"aws_organizations_organizational_unit","name":"security","provider_name":"registry.terraform.io/hashicorp/aws","schema_version":0,"values":{"name":"Security","tags":{"Environment":"dev","ManagedBy":"Terraform","Project":"minimal-gov"},"tags_all":{"Application":"minimal-gov-org","Environment":"dev","ManagedBy":"Terraform","Project":"minimal-gov","Region":"ap-northeast-1"}},"sensitive_values":{"accounts":[],"tags":{},"tags_all":{}},"identity_schema_version":0,"identity":{"account_id":null,"id":null}},{"address":"aws_organizations_organizational_unit.suspended","mode":"managed","type":"aws_organizations_organizational_unit","name":"suspended","provider_name":"registry.terraform.io/hashicorp/aws","schema_version":0,"values":{"name":"Suspended","tags":{"Environment":"dev","ManagedBy":"Terraform","Project":"minimal-gov"},"tags_all":{"Application":"minimal-gov-org","Environment":"dev","ManagedBy":"Terraform","Project":"minimal-gov","Region":"ap-northeast-1"}},"sensitive_values":{"accounts":[],"tags":{},"tags_all":{}},"identity_schema_version":0,"identity":{"account_id":null,"id":null}},{"address":"aws_organizations_organizational_unit.workloads","mode":"managed","type":"aws_organizations_organizational_unit","name":"workloads","provider_name":"registry.terraform.io/hashicorp/aws","schema_version":0,"values":{"name":"Workloads","tags":{"Environment":"dev","ManagedBy":"Terraform","Project":"minimal-gov"},"tags_all":{"Application":"minimal-gov-org","Environment":"dev","ManagedBy":"Terraform","Project":"minimal-gov","Region":"ap-northeast-1"}},"sensitive_values":{"accounts":[],"tags":{},"tags_all":{}},"identity_schema_version":0,"identity":{"account_id":null,"id":null}},{"address":"aws_ram_sharing_with_organization.enable","mode":"managed","type":"aws_ram_sharing_with_organization","name":"enable","provider_name":"registry.terraform.io/hashicorp/aws","schema_version":0,"sensitive_values":{}}]}},"resource_drift":[{"address":"module.organizations.aws_organizations_organization.this","module_address":"module.organizations","mode":"managed","type":"aws_organizations_organization","name":"this","provider_name":"registry.terraform.io/hashicorp/aws","change":{"actions":["update"],"before":{"accounts":[{"arn":"arn:aws:organizations::653502182074:account/o-hr9g7hzo9e/351277498040","email":"rt.aws0+test@gmail.com","id":"351277498040","name":"Dev","status":"ACTIVE"},{"arn":"arn:aws:organizations::653502182074:account/o-hr9g7hzo9e/454842420215","email":"rt.aws0+sec@gmail.com","id":"454842420215","name":"Security","status":"ACTIVE"},{"arn":"arn:aws:organizations::653502182074:account/o-hr9g7hzo9e/653502182074","email":"ryosuketanji@outlook.jp","id":"653502182074","name":"ryosuke","status":"ACTIVE"},{"arn":"arn:aws:organizations::653502182074:account/o-hr9g7hzo9e/854669817093","email":"rt.aws0+network@gmail.com","id":"854669817093","name":"Network","status":"ACTIVE"}],"arn":"arn:aws:organizations::653502182074:organization/o-hr9g7hzo9e","aws_service_access_principals":["cloudtrail.amazonaws.com","config-multiaccountsetup.amazonaws.com","config.amazonaws.com","guardduty.amazonaws.com","securityhub.amazonaws.com","sso.amazonaws.com"],"enabled_policy_types":["SERVICE_CONTROL_POLICY","TAG_POLICY"],"feature_set":"ALL","id":"o-hr9g7hzo9e","master_account_arn":"arn:aws:organizations::653502182074:account/o-hr9g7hzo9e/653502182074","master_account_email":"ryosuketanji@outlook.jp","master_account_id":"653502182074","master_account_name":"ryosuke","non_master_accounts":[{"arn":"arn:aws:organizations::653502182074:account/o-hr9g7hzo9e/351277498040","email":"rt.aws0+test@gmail.com","id":"351277498040","name":"Dev","status":"ACTIVE"},{"arn":"arn:aws:organizations::653502182074:account/o-hr9g7hzo9e/454842420215","email":"rt.aws0+sec@gmail.com","id":"454842420215","name":"Security","status":"ACTIVE"},{"arn":"arn:aws:organizations::653502182074:account/o-hr9g7hzo9e/854669817093","email":"rt.aws0+network@gmail.com","id":"854669817093","name":"Network","status":"ACTIVE"}],"roots":[{"arn":"arn:aws:organizations::653502182074:root/o-hr9g7hzo9e/r-7kvv","id":"r-7kvv","name":"Root","policy_types":[{"status":"ENABLED","type":"SERVICE_CONTROL_POLICY"},{"status":"ENABLED","type":"TAG_POLICY"}]}]},"after":{"accounts":[{"arn":"arn:aws:organizations::653502182074:account/o-hr9g7hzo9e/142473567293","email":"rt.aws0+ops@gmail.com","id":"142473567293","name":"Ops","status":"ACTIVE"},{"arn":"arn:aws:organizations::653502182074:account/o-hr9g7hzo9e/351277498040","email":"rt.aws0+test@gmail.com","id":"351277498040","name":"Dev","status":"ACTIVE"},{"arn":"arn:aws:organizations::653502182074:account/o-hr9g7hzo9e/454842420215","email":"rt.aws0+sec@gmail.com","id":"454842420215","name":"Security","status":"ACTIVE"},{"arn":"arn:aws:organizations::653502182074:account/o-hr9g7hzo9e/653502182074","email":"ryosuketanji@outlook.jp","id":"653502182074","name":"ryosuke","status":"ACTIVE"},{"arn":"arn:aws:organizations::653502182074:account/o-hr9g7hzo9e/854669817093","email":"rt.aws0+network@gmail.com","id":"854669817093","name":"Network","status":"ACTIVE"},{"arn":"arn:aws:organizations::653502182074:account/o-hr9g7hzo9e/875486185924","email":"rt.aws0+onprem@gmail.com","id":"875486185924","name":"Onprem","status":"ACTIVE"}],"arn":"arn:aws:organizations::653502182074:organization/o-hr9g7hzo9e","aws_service_access_principals":["cloudtrail.amazonaws.com","config-multiaccountsetup.amazonaws.com","config.amazonaws.com","guardduty.amazonaws.com","securityhub.amazonaws.com","sso.amazonaws.com"],"enabled_policy_types":["SERVICE_CONTROL_POLICY","TAG_POLICY"],"feature_set":"ALL","id":"o-hr9g7hzo9e","master_account_arn":"arn:aws:organizations::653502182074:account/o-hr9g7hzo9e/653502182074","master_account_email":"ryosuketanji@outlook.jp","master_account_id":"653502182074","master_account_name":"ryosuke","non_master_accounts":[{"arn":"arn:aws:organizations::653502182074:account/o-hr9g7hzo9e/142473567293","email":"rt.aws0+ops@gmail.com","id":"142473567293","name":"Ops","status":"ACTIVE"},{"arn":"arn:aws:organizations::653502182074:account/o-hr9g7hzo9e/351277498040","email":"rt.aws0+test@gmail.com","id":"351277498040","name":"Dev","status":"ACTIVE"},{"arn":"arn:aws:organizations::653502182074:account/o-hr9g7hzo9e/454842420215","email":"rt.aws0+sec@gmail.com","id":"454842420215","name":"Security","status":"ACTIVE"},{"arn":"arn:aws:organizations::653502182074:account/o-hr9g7hzo9e/854669817093","email":"rt.aws0+network@gmail.com","id":"854669817093","name":"Network","status":"ACTIVE"},{"arn":"arn:aws:organizations::653502182074:account/o-hr9g7hzo9e/875486185924","email":"rt.aws0+onprem@gmail.com","id":"875486185924","name":"Onprem","status":"ACTIVE"}],"roots":[{"arn":"arn:aws:organizations::653502182074:root/o-hr9g7hzo9e/r-7kvv","id":"r-7kvv","name":"Root","policy_types":[{"status":"ENABLED","type":"SERVICE_CONTROL_POLICY"},{"status":"ENABLED","type":"TAG_POLICY"}]}]},"after_unknown":{},"before_sensitive":{"accounts":[{},{},{},{}],"aws_service_access_principals":[false,false,false,false,false,false],"enabled_policy_types":[false,false],"non_master_accounts":[{},{},{}],"roots":[{"policy_types":[{},{}]}]},"after_sensitive":{"accounts":[{},{},{},{},{},{}],"aws_service_access_principals":[false,false,false,false,false,false],"enabled_policy_types":[false,false],"non_master_accounts":[{},{},{},{},{}],"roots":[{"policy_types":[{},{}]}]}}},{"address":"module.organizations.aws_organizations_organizational_unit.workloads","module_address":"module.organizations","mode":"managed","type":"aws_organizations_organizational_unit","name":"workloads","provider_name":"registry.terraform.io/hashicorp/aws","change":{"actions":["update"],"before":{"accounts":[{"arn":"arn:aws:organizations::653502182074:account/o-hr9g7hzo9e/854669817093","email":"rt.aws0+network@gmail.com","id":"854669817093","name":"Network"}],"arn":"arn:aws:organizations::653502182074:ou/o-hr9g7hzo9e/ou-7kvv-kol2htsd","id":"ou-7kvv-kol2htsd","name":"Workloads","parent_id":"r-7kvv","tags":{"Project":"minimal-gov"},"tags_all":{"Application":"minimal-gov-org","Environment":"prod","ManagedBy":"Terraform","Project":"minimal-gov","Region":"ap-northeast-1"}},"after":{"accounts":[{"arn":"arn:aws:organizations::653502182074:account/o-hr9g7hzo9e/142473567293","email":"rt.aws0+ops@gmail.com","id":"142473567293","name":"Ops"},{"arn":"arn:aws:organizations::653502182074:account/o-hr9g7hzo9e/854669817093","email":"rt.aws0+network@gmail.com","id":"854669817093","name":"Network"},{"arn":"arn:aws:organizations::653502182074:account/o-hr9g7hzo9e/875486185924","email":"rt.aws0+onprem@gmail.com","id":"875486185924","name":"Onprem"}],"arn":"arn:aws:organizations::653502182074:ou/o-hr9g7hzo9e/ou-7kvv-kol2htsd","id":"ou-7kvv-kol2htsd","name":"Workloads","parent_id":"r-7kvv","tags":{"Project":"minimal-gov"},"tags_all":{"Application":"minimal-gov-org","Environment":"prod","ManagedBy":"Terraform","Project":"minimal-gov","Region":"ap-northeast-1"}},"after_unknown":{},"before_sensitive":{"accounts":[{}],"tags":{},"tags_all":{}},"after_sensitive":{"accounts":[{},{},{}],"tags":{},"tags_all":{}}}}],"resource_changes":[{"address":"aws_organizations_account.members[\"dev\"]","mode":"managed","type":"aws_organizations_account","name":"members","index":"dev","provider_name":"registry.terraform.io/hashicorp/aws","change":{"actions":["create"],"before":null,"after":{"close_on_deletion":false,"create_govcloud":false,"email":"rt.aws0+test@gmail.com","iam_user_access_to_billing":null,"name":"Dev","role_name":"OrganizationAccountAccessRole","tags":{"AccountType":"Dev","Environment":"dev","ManagedBy":"Terraform","Project":"minimal-gov"},"tags_all":{"AccountType":"Dev","Application":"minimal-gov-org","Environment":"dev","ManagedBy":"Terraform","Project":"minimal-gov","Region":"ap-northeast-1"},"timeouts":{"create":"2h","delete":null,"update":null}},"after_unknown":{"arn":true,"govcloud_id":true,"id":true,"joined_method":true,"joined_timestamp":true,"parent_id":true,"status":true,"tags":{},"tags_all":{},"timeouts":{}},"before_sensitive":false,"after_sensitive":{"tags":{},"tags_all":{},"timeouts":{}},"after_identity":{"account_id":null,"id":null}}},{"address":"aws_organizations_account.members[\"network\"]","mode":"managed","type":"aws_organizations_account","name":"members","index":"network","provider_name":"registry.terraform.io/hashicorp/aws","change":{"actions":["create"],"before":null,"after":{"close_on_deletion":false,"create_govcloud":false,"email":"rt.aws0+network@gmail.com","iam_user_access_to_billing":null,"name":"Network","role_name":"OrganizationAccountAccessRole","tags":{"AccountType":"Network","Environment":"dev","ManagedBy":"Terraform","Project":"minimal-gov"},"tags_all":{"AccountType":"Network","Application":"minimal-gov-org","Environment":"dev","ManagedBy":"Terraform","Project":"minimal-gov","Region":"ap-northeast-1"},"timeouts":{"create":"2h","delete":null,"update":null}},"after_unknown":{"arn":true,"govcloud_id":true,"id":true,"joined_method":true,"joined_timestamp":true,"parent_id":true,"status":true,"tags":{},"tags_all":{},"timeouts":{}},"before_sensitive":false,"after_sensitive":{"tags":{},"tags_all":{},"timeouts":{}},"after_identity":{"account_id":null,"id":null}}},{"address":"aws_organizations_account.members[\"onprem\"]","mode":"managed","type":"aws_organizations_account","name":"members","index":"onprem","provider_name":"registry.terraform.io/hashicorp/aws","change":{"actions":["create"],"before":null,"after":{"close_on_deletion":false,"create_govcloud":false,"email":"rt.aws0+onprem@gmail.com","iam_user_access_to_billing":null,"name":"Onprem","role_name":"OrganizationAccountAccessRole","tags":{"AccountType":"Onprem","Environment":"dev","ManagedBy":"Terraform","Project":"minimal-gov"},"tags_all":{"AccountType":"Onprem","Application":"minimal-gov-org","Environment":"dev","ManagedBy":"Terraform","Project":"minimal-gov","Region":"ap-northeast-1"},"timeouts":{"create":"2h","delete":null,"update":null}},"after_unknown":{"arn":true,"govcloud_id":true,"id":true,"joined_method":true,"joined_timestamp":true,"parent_id":true,"status":true,"tags":{},"tags_all":{},"timeouts":{}},"before_sensitive":false,"after_sensitive":{"tags":{},"tags_all":{},"timeouts":{}},"after_identity":{"account_id":null,"id":null}}},{"address":"aws_organizations_account.members[\"ops\"]","mode":"managed","type":"aws_organizations_account","name":"members","index":"ops","provider_name":"registry.terraform.io/hashicorp/aws","change":{"actions":["create"],"before":null,"after":{"close_on_deletion":false,"create_govcloud":false,"email":"rt.aws0+ops@gmail.com","iam_user_access_to_billing":null,"name":"Ops","role_name":"OrganizationAccountAccessRole","tags":{"AccountType":"Ops","Environment":"dev","ManagedBy":"Terraform","Project":"minimal-gov"},"tags_all":{"AccountType":"Ops","Application":"minimal-gov-org","Environment":"dev","ManagedBy":"Terraform","Project":"minimal-gov","Region":"ap-northeast-1"},"timeouts":{"create":"2h","delete":null,"update":null}},"after_unknown":{"arn":true,"govcloud_id":true,"id":true,"joined_method":true,"joined_timestamp":true,"parent_id":true,"status":true,"tags":{},"tags_all":{},"timeouts":{}},"before_sensitive":false,"after_sensitive":{"tags":{},"tags_all":{},"timeouts":{}},"after_identity":{"account_id":null,"id":null}}},{"address":"aws_organizations_account.security","mode":"managed","type":"aws_organizations_account","name":"security","provider_name":"registry.terraform.io/hashicorp/aws","change":{"actions":["create"],"before":null,"after":{"close_on_deletion":false,"create_govcloud":false,"email":"rt.aws0+sec@gmail.com","iam_user_access_to_billing":null,"name":"Security","role_name":"OrganizationAccountAccessRole","tags":{"AccountType":"Security","Environment":"dev","ManagedBy":"Terraform","Project":"minimal-gov"},"tags_all":{"AccountType":"Security","Application":"minimal-gov-org","Environment":"dev","ManagedBy":"Terraform","Project":"minimal-gov","Region":"ap-northeast-1"},"timeouts":{"create":"2h","delete":null,"update":null}},"after_unknown":{"arn":true,"govcloud_id":true,"id":true,"joined_method":true,"joined_timestamp":true,"parent_id":true,"status":true,"tags":{},"tags_all":{},"timeouts":{}},"before_sensitive":false,"after_sensitive":{"tags":{},"tags_all":{},"timeouts":{}},"after_identity":{"account_id":null,"id":null}}},{"address":"aws_organizations_delegated_administrator.security_delegate[\"cloudtrail.amazonaws.com\"]","mode":"managed","type":"aws_organizations_delegated_administrator","name":"security_delegate","index":"cloudtrail.amazonaws.com","provider_name":"registry.terraform.io/hashicorp/aws","change":{"actions":["create"],"before":null,"after":{"service_principal":"cloudtrail.amazonaws.com"},"after_unknown":{"account_id":true,"arn":true,"delegation_enabled_date":true,"email":true,"id":true,"joined_method":true,"joined_timestamp":true,"name":true,"status":true},"before_sensitive":false,"after_sensitive":{},"after_identity":{"account_id":null,"delegated_account_id":null,"service_principal":null}}},{"address":"aws_organizations_delegated_administrator.security_delegate[\"config-multiaccountsetup.amazonaws.com\"]","mode":"managed","type":"aws_organizations_delegated_administrator","name":"security_delegate","index":"config-multiaccountsetup.amazonaws.com","provider_name":"registry.terraform.io/hashicorp/aws","change":{"actions":["create"],"before":null,"after":{"service_principal":"config-multiaccountsetup.amazonaws.com"},"after_unknown":{"account_id":true,"arn":true,"delegation_enabled_date":true,"email":true,"id":true,"joined_method":true,"joined_timestamp":true,"name":true,"status":true},"before_sensitive":false,"after_sensitive":{},"after_identity":{"account_id":null,"delegated_account_id":null,"service_principal":null}}},{"address":"aws_organizations_delegated_administrator.security_delegate[\"config.amazonaws.com\"]","mode":"managed","type":"aws_organizations_delegated_administrator","name":"security_delegate","index":"config.amazonaws.com","provider_name":"registry.terraform.io/hashicorp/aws","change":{"actions":["create"],"before":null,"after":{"service_principal":"config.amazonaws.com"},"after_unknown":{"account_id":true,"arn":true,"delegation_enabled_date":true,"email":true,"id":true,"joined_method":true,"joined_timestamp":true,"name":true,"status":true},"before_sensitive":false,"after_sensitive":{},"after_identity":{"account_id":null,"delegated_account_id":null,"service_principal":null}}},{"address":"aws_organizations_delegated_administrator.security_delegate[\"guardduty.amazonaws.com\"]","mode":"managed","type":"aws_organizations_delegated_administrator","name":"security_delegate","index":"guardduty.amazonaws.com","provider_name":"registry.terraform.io/hashicorp/aws","change":{"actions":["create"],"before":null,"after":{"service_principal":"guardduty.amazonaws.com"},"after_unknown":{"account_id":true,"arn":true,"delegation_enabled_date":true,"email":true,"id":true,"joined_method":true,"joined_timestamp":true,"name":true,"status":true},"before_sensitive":false,"after_sensitive":{},"after_identity":{"account_id":null,"delegated_account_id":null,"service_principal":null}}},{"address":"aws_organizations_delegated_administrator.security_delegate[\"securityhub.amazonaws.com\"]","mode":"managed","type":"aws_organizations_delegated_administrator","name":"security_delegate","index":"securityhub.amazonaws.com","provider_name":"registry.terraform.io/hashicorp/aws","change":{"actions":["create"],"before":null,"after":{"service_principal":"securityhub.amazonaws.com"},"after_unknown":{"account_id":true,"arn":true,"delegation_enabled_date":true,"email":true,"id":true,"joined_method":true,"joined_timestamp":true,"name":true,"status":true},"before_sensitive":false,"after_sensitive":{},"after_identity":{"account_id":null,"delegated_account_id":null,"service_principal":null}}},{"address":"aws_organizations_organization.this","mode":"managed","type":"aws_organizations_organization","name":"this","provider_name":"registry.terraform.io/hashicorp/aws","change":{"actions":["create"],"before":null,"after":{"aws_service_access_principals":["cloudtrail.amazonaws.com","config-multiaccountsetup.amazonaws.com","config.amazonaws.com","guardduty.amazonaws.com","securityhub.amazonaws.com","sso.amazonaws.com"],"enabled_policy_types":["SERVICE_CONTROL_POLICY","TAG_POLICY"],"feature_set":"ALL"},"after_unknown":{"accounts":true,"arn":true,"aws_service_access_principals":[false,false,false,false,false,false],"enabled_policy_types":[false,false],"id":true,"master_account_arn":true,"master_account_email":true,"master_account_id":true,"master_account_name":true,"non_master_accounts":true,"roots":true},"before_sensitive":false,"after_sensitive":{"accounts":[],"aws_service_access_principals":[false,false,false,false,false,false],"enabled_policy_types":[false,false],"non_master_accounts":[],"roots":[]},"after_identity":{"account_id":null,"id":null}}},{"address":"aws_organizations_organizational_unit.additional_ou[\"billing\"]","mode":"managed","type":"aws_organizations_organizational_unit","name":"additional_ou","index":"billing","provider_name":"registry.terraform.io/hashicorp/aws","change":{"actions":["create"],"before":null,"after":{"name":"billing","tags":{"Environment":"dev","ManagedBy":"Terraform","Project":"minimal-gov"},"tags_all":{"Application":"minimal-gov-org","Environment":"dev","ManagedBy":"Terraform","Project":"minimal-gov","Region":"ap-northeast-1"}},"after_unknown":{"accounts":true,"arn":true,"id":true,"parent_id":true,"tags":{},"tags_all":{}},"before_sensitive":false,"after_sensitive":{"accounts":[],"tags":{},"tags_all":{}},"after_identity":{"account_id":null,"id":null}}},{"address":"aws_organizations_organizational_unit.dev","mode":"managed","type":"aws_organizations_organizational_unit","name":"dev","provider_name":"registry.terraform.io/hashicorp/aws","change":{"actions":["create"],"before":null,"after":{"name":"Dev","tags":{"Environment":"dev","ManagedBy":"Terraform","Project":"minimal-gov"},"tags_all":{"Application":"minimal-gov-org","Environment":"dev","ManagedBy":"Terraform","Project":"minimal-gov","Region":"ap-northeast-1"}},"after_unknown":{"accounts":true,"arn":true,"id":true,"parent_id":true,"tags":{},"tags_all":{}},"before_sensitive":false,"after_sensitive":{"accounts":[],"tags":{},"tags_all":{}},"after_identity":{"account_id":null,"id":null}}},{"address":"aws_organizations_organizational_unit.prod","mode":"managed","type":"aws_organizations_organizational_unit","name":"prod","provider_name":"registry.terraform.io/hashicorp/aws","change":{"actions":["create"],"before":null,"after":{"name":"Prod","tags":{"Environment":"dev","ManagedBy":"Terraform","Project":"minimal-gov"},"tags_all":{"Application":"minimal-gov-org","Environment":"dev","ManagedBy":"Terraform","Project":"minimal-gov","Region":"ap-northeast-1"}},"after_unknown":{"accounts":true,"arn":true,"id":true,"parent_id":true,"tags":{},"tags_all":{}},"before_sensitive":false,"after_sensitive":{"accounts":[],"tags":{},"tags_all":{}},"after_identity":{"account_id":null,"id":null}}},{"address":"aws_organizations_organizational_unit.sandbox","mode":"managed","type":"aws_organizations_organizational_unit","name":"sandbox","provider_name":"registry.terraform.io/hashicorp/aws","change":{"actions":["create"],"before":null,"after":{"name":"Sandbox","tags":{"Environment":"dev","ManagedBy":"Terraform","Project":"minimal-gov"},"tags_all":{"Application":"minimal-gov-org","Environment":"dev","ManagedBy":"Terraform","Project":"minimal-gov","Region":"ap-northeast-1"}},"after_unknown":{"accounts":true,"arn":true,"id":true,"parent_id":true,"tags":{},"tags_all":{}},"before_sensitive":false,"after_sensitive":{"accounts":[],"tags":{},"tags_all":{}},"after_identity":{"account_id":null,"id":null}}},{"address":"aws_organizations_organizational_unit.security","mode":"managed","type":"aws_organizations_organizational_unit","name":"security","provider_name":"registry.terraform.io/hashicorp/aws","change":{"actions":["create"],"before":null,"after":{"name":"Security","tags":{"Environment":"dev","ManagedBy":"Terraform","Project":"minimal-gov"},"tags_all":{"Application":"minimal-gov-org","Environment":"dev","ManagedBy":"Terraform","Project":"minimal-gov","Region":"ap-northeast-1"}},"after_unknown":{"accounts":true,"arn":true,"id":true,"parent_id":true,"tags":{},"tags_all":{}},"before_sensitive":false,"after_sensitive":{"accounts":[],"tags":{},"tags_all":{}},"after_identity":{"account_id":null,"id":null}}},{"address":"aws_organizations_organizational_unit.suspended","mode":"managed","type":"aws_organizations_organizational_unit","name":"suspended","provider_name":"registry.terraform.io/hashicorp/aws","change":{"actions":["create"],"before":null,"after":{"name":"Suspended","tags":{"Environment":"dev","ManagedBy":"Terraform","Project":"minimal-gov"},"tags_all":{"Application":"minimal-gov-org","Environment":"dev","ManagedBy":"Terraform","Project":"minimal-gov","Region":"ap-northeast-1"}},"after_unknown":{"accounts":true,"arn":true,"id":true,"parent_id":true,"tags":{},"tags_all":{}},"before_sensitive":false,"after_sensitive":{"accounts":[],"tags":{},"tags_all":{}},"after_identity":{"account_id":null,"id":null}}},{"address":"aws_organizations_organizational_unit.workloads","mode":"managed","type":"aws_organizations_organizational_unit","name":"workloads","provider_name":"registry.terraform.io/hashicorp/aws","change":{"actions":["create"],"before":null,"after":{"name":"Workloads","tags":{"Environment":"dev","ManagedBy":"Terraform","Project":"minimal-gov"},"tags_all":{"Application":"minimal-gov-org","Environment":"dev","ManagedBy":"Terraform","Project":"minimal-gov","Region":"ap-northeast-1"}},"after_unknown":{"accounts":true,"arn":true,"id":true,"parent_id":true,"tags":{},"tags_all":{}},"before_sensitive":false,"after_sensitive":{"accounts":[],"tags":{},"tags_all":{}},"after_identity":{"account_id":null,"id":null}}},{"address":"aws_ram_sharing_with_organization.enable","mode":"managed","type":"aws_ram_sharing_with_organization","name":"enable","provider_name":"registry.terraform.io/hashicorp/aws","change":{"actions":["create"],"before":null,"after":{},"after_unknown":{"id":true},"before_sensitive":false,"after_sensitive":{}}},{"address":"module.organizations.aws_organizations_account.members[\"dev\"]","module_address":"module.organizations","mode":"managed","type":"aws_organizations_account","name":"members","index":"dev","provider_name":"registry.terraform.io/hashicorp/aws","change":{"actions":["delete"],"before":{"arn":"arn:aws:organizations::653502182074:account/o-hr9g7hzo9e/351277498040","close_on_deletion":false,"create_govcloud":false,"email":"rt.aws0+test@gmail.com","govcloud_id":"","iam_user_access_to_billing":null,"id":"351277498040","joined_method":"CREATED","joined_timestamp":"2025-08-31T08:51:06Z","name":"Dev","parent_id":"ou-7kvv-rshyojxu","role_name":"OrganizationAccountAccessRole","status":"ACTIVE","tags":{"AccountType":"Dev","Project":"minimal-gov"},"tags_all":{"AccountType":"Dev","Application":"minimal-gov-org","Environment":"prod","ManagedBy":"Terraform","Project":"minimal-gov","Region":"ap-northeast-1"},"timeouts":{"create":"2h","delete":null,"update":null}},"after":null,"after_unknown":{},"before_sensitive":{"tags":{},"tags_all":{},"timeouts":{}},"after_sensitive":false,"before_identity":{"account_id":"653502182074","id":"351277498040"}},"action_reason":"delete_because_no_resource_config"},{"address":"module.organizations.aws_organizations_account.members[\"network\"]","module_address":"module.organizations","mode":"managed","type":"aws_organizations_account","name":"members","index":"network","provider_name":"registry.terraform.io/hashicorp/aws","change":{"actions":["delete"],"before":{"arn":"arn:aws:organizations::653502182074:account/o-hr9g7hzo9e/854669817093","close_on_deletion":false,"create_govcloud":false,"email":"rt.aws0+network@gmail.com","govcloud_id":"","iam_user_access_to_billing":null,"id":"854669817093","joined_method":"CREATED","joined_timestamp":"2025-08-31T08:48:24Z","name":"Network","parent_id":"ou-7kvv-kol2htsd","role_name":"OrganizationAccountAccessRole","status":"ACTIVE","tags":{"AccountType":"Network","Project":"minimal-gov"},"tags_all":{"AccountType":"Network","Application":"minimal-gov-org","Environment":"prod","ManagedBy":"Terraform","Project":"minimal-gov","Region":"ap-northeast-1"},"timeouts":{"create":"2h","delete":null,"update":null}},"after":null,"after_unknown":{},"before_sensitive":{"tags":{},"tags_all":{},"timeouts":{}},"after_sensitive":false,"before_identity":{"account_id":"653502182074","id":"854669817093"}},"action_reason":"delete_because_no_resource_config"},{"address":"module.organizations.aws_organizations_account.members[\"onprem\"]","module_address":"module.organizations","mode":"managed","type":"aws_organizations_account","name":"members","index":"onprem","provider_name":"registry.terraform.io/hashicorp/aws","change":{"actions":["delete"],"before":{"arn":"arn:aws:organizations::653502182074:account/o-hr9g7hzo9e/875486185924","close_on_deletion":false,"create_govcloud":false,"email":"rt.aws0+onprem@gmail.com","govcloud_id":"","iam_user_access_to_billing":null,"id":"875486185924","joined_method":"CREATED","joined_timestamp":"2025-09-08T09:50:12Z","name":"Onprem","parent_id":"ou-7kvv-kol2htsd","role_name":"OrganizationAccountAccessRole","status":"ACTIVE","tags":{"AccountType":"Onprem","Project":"minimal-gov"},"tags_all":{"AccountType":"Onprem","Application":"minimal-gov-org","Environment":"prod","ManagedBy":"Terraform","Project":"minimal-gov","Region":"ap-northeast-1"},"timeouts":{"create":"2h","delete":null,"update":null}},"after":null,"after_unknown":{},"before_sensitive":{"tags":{},"tags_all":{},"timeouts":{}},"after_sensitive":false,"before_identity":{"account_id":"653502182074","id":"875486185924"}},"action_reason":"delete_because_no_resource_config"},{"address":"module.organizations.aws_organizations_account.members[\"ops\"]","module_address":"module.organizations","mode":"managed","type":"aws_organizations_account","name":"members","index":"ops","provider_name":"registry.terraform.io/hashicorp/aws","change":{"actions":["delete"],"before":{"arn":"arn:aws:organizations::653502182074:account/o-hr9g7hzo9e/142473567293","close_on_deletion":false,"create_govcloud":false,"email":"rt.aws0+ops@gmail.com","govcloud_id":"","iam_user_access_to_billing":null,"id":"142473567293","joined_method":"CREATED","joined_timestamp":"2025-09-08T09:50:12Z","name":"Ops","parent_id":"ou-7kvv-kol2htsd","role_name":"OrganizationAccountAccessRole","status":"ACTIVE","tags":{"AccountType":"Ops","Project":"minimal-gov"},"tags_all":{"AccountType":"Ops","Application":"minimal-gov-org","Environment":"prod","ManagedBy":"Terraform","Project":"minimal-gov","Region":"ap-northeast-1"},"timeouts":{"create":"2h","delete":null,"update":null}},"after":null,"after_unknown":{},"before_sensitive":{"tags":{},"tags_all":{},"timeouts":{}},"after_sensitive":false,"before_identity":{"account_id":"653502182074","id":"142473567293"}},"action_reason":"delete_because_no_resource_config"},{"address":"module.organizations.aws_organizations_account.security","module_address":"module.organizations","mode":"managed","type":"aws_organizations_account","name":"security","provider_name":"registry.terraform.io/hashicorp/aws","change":{"actions":["delete"],"before":{"arn":"arn:aws:organizations::653502182074:account/o-hr9g7hzo9e/454842420215","close_on_deletion":false,"create_govcloud":false,"email":"rt.aws0+sec@gmail.com","govcloud_id":"","iam_user_access_to_billing":null,"id":"454842420215","joined_method":"CREATED","joined_timestamp":"2025-08-30T21:11:08Z","name":"Security","parent_id":"ou-7kvv-z300jxp7","role_name":"OrganizationAccountAccessRole","status":"ACTIVE","tags":{"AccountType":"Security","Project":"minimal-gov"},"tags_all":{"AccountType":"Security","Application":"minimal-gov-org","Environment":"prod","ManagedBy":"Terraform","Project":"minimal-gov","Region":"ap-northeast-1"},"timeouts":{"create":"2h","delete":null,"update":null}},"after":null,"after_unknown":{},"before_sensitive":{"tags":{},"tags_all":{},"timeouts":{}},"after_sensitive":false,"before_identity":{"account_id":"653502182074","id":"454842420215"}},"action_reason":"delete_because_no_resource_config"},{"address":"module.organizations.aws_organizations_delegated_administrator.security_delegate[\"cloudtrail.amazonaws.com\"]","module_address":"module.organizations","mode":"managed","type":"aws_organizations_delegated_administrator","name":"security_delegate","index":"cloudtrail.amazonaws.com","provider_name":"registry.terraform.io/hashicorp/aws","change":{"actions":["delete"],"before":{"account_id":"454842420215","arn":"arn:aws:organizations::653502182074:account/o-hr9g7hzo9e/454842420215","delegation_enabled_date":"2025-08-30T21:11:19Z","email":"rt.aws0+sec@gmail.com","id":"454842420215/cloudtrail.amazonaws.com","joined_method":"CREATED","joined_timestamp":"2025-08-30T21:11:08Z","name":"Security","service_principal":"cloudtrail.amazonaws.com","status":"ACTIVE"},"after":null,"after_unknown":{},"before_sensitive":{},"after_sensitive":false,"before_identity":{"account_id":"653502182074","delegated_account_id":"454842420215","service_principal":"cloudtrail.amazonaws.com"}},"action_reason":"delete_because_no_resource_config"},{"address":"module.organizations.aws_organizations_delegated_administrator.security_delegate[\"config-multiaccountsetup.amazonaws.com\"]","module_address":"module.organizations","mode":"managed","type":"aws_organizations_delegated_administrator","name":"security_delegate","index":"config-multiaccountsetup.amazonaws.com","provider_name":"registry.terraform.io/hashicorp/aws","change":{"actions":["delete"],"before":{"account_id":"454842420215","arn":"arn:aws:organizations::653502182074:account/o-hr9g7hzo9e/454842420215","delegation_enabled_date":"2025-09-06T14:42:09Z","email":"rt.aws0+sec@gmail.com","id":"454842420215/config-multiaccountsetup.amazonaws.com","joined_method":"CREATED","joined_timestamp":"2025-08-30T21:11:08Z","name":"Security","service_principal":"config-multiaccountsetup.amazonaws.com","status":"ACTIVE"},"after":null,"after_unknown":{},"before_sensitive":{},"after_sensitive":false,"before_identity":{"account_id":"653502182074","delegated_account_id":"454842420215","service_principal":"config-multiaccountsetup.amazonaws.com"}},"action_reason":"delete_because_no_resource_config"},{"address":"module.organizations.aws_organizations_delegated_administrator.security_delegate[\"config.amazonaws.com\"]","module_address":"module.organizations","mode":"managed","type":"aws_organizations_delegated_administrator","name":"security_delegate","index":"config.amazonaws.com","provider_name":"registry.terraform.io/hashicorp/aws","change":{"actions":["delete"],"before":{"account_id":"454842420215","arn":"arn:aws:organizations::653502182074:account/o-hr9g7hzo9e/454842420215","delegation_enabled_date":"2025-08-30T21:11:22Z","email":"rt.aws0+sec@gmail.com","id":"454842420215/config.amazonaws.com","joined_method":"CREATED","joined_timestamp":"2025-08-30T21:11:08Z","name":"Security","service_principal":"config.amazonaws.com","status":"ACTIVE"},"after":null,"after_unknown":{},"before_sensitive":{},"after_sensitive":false,"before_identity":{"account_id":"653502182074","delegated_account_id":"454842420215","service_principal":"config.amazonaws.com"}},"action_reason":"delete_because_no_resource_config"},{"address":"module.organizations.aws_organizations_delegated_administrator.security_delegate[\"guardduty.amazonaws.com\"]","module_address":"module.organizations","mode":"managed","type":"aws_organizations_delegated_administrator","name":"security_delegate","index":"guardduty.amazonaws.com","provider_name":"registry.terraform.io/hashicorp/aws","change":{"actions":["delete"],"before":{"account_id":"454842420215","arn":"arn:aws:organizations::653502182074:account/o-hr9g7hzo9e/454842420215","delegation_enabled_date":"2025-08-30T21:11:28Z","email":"rt.aws0+sec@gmail.com","id":"454842420215/guardduty.amazonaws.com","joined_method":"CREATED","joined_timestamp":"2025-08-30T21:11:08Z","name":"Security","service_principal":"guardduty.amazonaws.com","status":"ACTIVE"},"after":null,"after_unknown":{},"before_sensitive":{},"after_sensitive":false,"before_identity":{"account_id":"653502182074","delegated_account_id":"454842420215","service_principal":"guardduty.amazonaws.com"}},"action_reason":"delete_because_no_resource_config"},{"address":"module.organizations.aws_organizations_delegated_administrator.security_delegate[\"securityhub.amazonaws.com\"]","module_address":"module.organizations","mode":"managed","type":"aws_organizations_delegated_administrator","name":"security_delegate","index":"securityhub.amazonaws.com","provider_name":"registry.terraform.io/hashicorp/aws","change":{"actions":["delete"],"before":{"account_id":"454842420215","arn":"arn:aws:organizations::653502182074:account/o-hr9g7hzo9e/454842420215","delegation_enabled_date":"2025-08-30T21:11:32Z","email":"rt.aws0+sec@gmail.com","id":"454842420215/securityhub.amazonaws.com","joined_method":"CREATED","joined_timestamp":"2025-08-30T21:11:08Z","name":"Security","service_principal":"securityhub.amazonaws.com","status":"ACTIVE"},"after":null,"after_unknown":{},"before_sensitive":{},"after_sensitive":false,"before_identity":{"account_id":"653502182074","delegated_account_id":"454842420215","service_principal":"securityhub.amazonaws.com"}},"action_reason":"delete_because_no_resource_config"},{"address":"module.organizations.aws_organizations_organization.this","module_address":"module.organizations","mode":"managed","type":"aws_organizations_organization","name":"this","provider_name":"registry.terraform.io/hashicorp/aws","change":{"actions":["delete"],"before":{"accounts":[{"arn":"arn:aws:organizations::653502182074:account/o-hr9g7hzo9e/142473567293","email":"rt.aws0+ops@gmail.com","id":"142473567293","name":"Ops","status":"ACTIVE"},{"arn":"arn:aws:organizations::653502182074:account/o-hr9g7hzo9e/351277498040","email":"rt.aws0+test@gmail.com","id":"351277498040","name":"Dev","status":"ACTIVE"},{"arn":"arn:aws:organizations::653502182074:account/o-hr9g7hzo9e/454842420215","email":"rt.aws0+sec@gmail.com","id":"454842420215","name":"Security","status":"ACTIVE"},{"arn":"arn:aws:organizations::653502182074:account/o-hr9g7hzo9e/653502182074","email":"ryosuketanji@outlook.jp","id":"653502182074","name":"ryosuke","status":"ACTIVE"},{"arn":"arn:aws:organizations::653502182074:account/o-hr9g7hzo9e/854669817093","email":"rt.aws0+network@gmail.com","id":"854669817093","name":"Network","status":"ACTIVE"},{"arn":"arn:aws:organizations::653502182074:account/o-hr9g7hzo9e/875486185924","email":"rt.aws0+onprem@gmail.com","id":"875486185924","name":"Onprem","status":"ACTIVE"}],"arn":"arn:aws:organizations::653502182074:organization/o-hr9g7hzo9e","aws_service_access_principals":["cloudtrail.amazonaws.com","config-multiaccountsetup.amazonaws.com","config.amazonaws.com","guardduty.amazonaws.com","securityhub.amazonaws.com","sso.amazonaws.com"],"enabled_policy_types":["SERVICE_CONTROL_POLICY","TAG_POLICY"],"feature_set":"ALL","id":"o-hr9g7hzo9e","master_account_arn":"arn:aws:organizations::653502182074:account/o-hr9g7hzo9e/653502182074","master_account_email":"ryosuketanji@outlook.jp","master_account_id":"653502182074","master_account_name":"ryosuke","non_master_accounts":[{"arn":"arn:aws:organizations::653502182074:account/o-hr9g7hzo9e/142473567293","email":"rt.aws0+ops@gmail.com","id":"142473567293","name":"Ops","status":"ACTIVE"},{"arn":"arn:aws:organizations::653502182074:account/o-hr9g7hzo9e/351277498040","email":"rt.aws0+test@gmail.com","id":"351277498040","name":"Dev","status":"ACTIVE"},{"arn":"arn:aws:organizations::653502182074:account/o-hr9g7hzo9e/454842420215","email":"rt.aws0+sec@gmail.com","id":"454842420215","name":"Security","status":"ACTIVE"},{"arn":"arn:aws:organizations::653502182074:account/o-hr9g7hzo9e/854669817093","email":"rt.aws0+network@gmail.com","id":"854669817093","name":"Network","status":"ACTIVE"},{"arn":"arn:aws:organizations::653502182074:account/o-hr9g7hzo9e/875486185924","email":"rt.aws0+onprem@gmail.com","id":"875486185924","name":"Onprem","status":"ACTIVE"}],"roots":[{"arn":"arn:aws:organizations::653502182074:root/o-hr9g7hzo9e/r-7kvv","id":"r-7kvv","name":"Root","policy_types":[{"status":"ENABLED","type":"SERVICE_CONTROL_POLICY"},{"status":"ENABLED","type":"TAG_POLICY"}]}]},"after":null,"after_unknown":{},"before_sensitive":{"accounts":[{},{},{},{},{},{}],"aws_service_access_principals":[false,false,false,false,false,false],"enabled_policy_types":[false,false],"non_master_accounts":[{},{},{},{},{}],"roots":[{"policy_types":[{},{}]}]},"after_sensitive":false,"before_identity":{"account_id":"653502182074","id":"o-hr9g7hzo9e"}},"action_reason":"delete_because_no_resource_config"},{"address":"module.organizations.aws_organizations_organizational_unit.additional_ou[\"billing\"]","module_address":"module.organizations","mode":"managed","type":"aws_organizations_organizational_unit","name":"additional_ou","index":"billing","provider_name":"registry.terraform.io/hashicorp/aws","change":{"actions":["delete"],"before":{"accounts":[],"arn":"arn:aws:organizations::653502182074:ou/o-hr9g7hzo9e/ou-7kvv-v8behsv6","id":"ou-7kvv-v8behsv6","name":"billing","parent_id":"ou-7kvv-kol2htsd","tags":{"Project":"minimal-gov"},"tags_all":{"Application":"minimal-gov-org","Environment":"prod","ManagedBy":"Terraform","Project":"minimal-gov","Region":"ap-northeast-1"}},"after":null,"after_unknown":{},"before_sensitive":{"accounts":[],"tags":{},"tags_all":{}},"after_sensitive":false,"before_identity":{"account_id":"653502182074","id":"ou-7kvv-v8behsv6"}},"action_reason":"delete_because_no_resource_config"},{"address":"module.organizations.aws_organizations_organizational_unit.dev","module_address":"module.organizations","mode":"managed","type":"aws_organizations_organizational_unit","name":"dev","provider_name":"registry.terraform.io/hashicorp/aws","change":{"actions":["delete"],"before":{"accounts":[{"arn":"arn:aws:organizations::653502182074:account/o-hr9g7hzo9e/351277498040","email":"rt.aws0+test@gmail.com","id":"351277498040","name":"Dev"}],"arn":"arn:aws:organizations::653502182074:ou/o-hr9g7hzo9e/ou-7kvv-rshyojxu","id":"ou-7kvv-rshyojxu","name":"Dev","parent_id":"ou-7kvv-kol2htsd","tags":{"Project":"minimal-gov"},"tags_all":{"Application":"minimal-gov-org","Environment":"prod","ManagedBy":"Terraform","Project":"minimal-gov","Region":"ap-northeast-1"}},"after":null,"after_unknown":{},"before_sensitive":{"accounts":[{}],"tags":{},"tags_all":{}},"after_sensitive":false,"before_identity":{"account_id":"653502182074","id":"ou-7kvv-rshyojxu"}},"action_reason":"delete_because_no_resource_config"},{"address":"module.organizations.aws_organizations_organizational_unit.prod","module_address":"module.organizations","mode":"managed","type":"aws_organizations_organizational_unit","name":"prod","provider_name":"registry.terraform.io/hashicorp/aws","change":{"actions":["delete"],"before":{"accounts":[],"arn":"arn:aws:organizations::653502182074:ou/o-hr9g7hzo9e/ou-7kvv-q19ysmuo","id":"ou-7kvv-q19ysmuo","name":"Prod","parent_id":"ou-7kvv-kol2htsd","tags":{"Project":"minimal-gov"},"tags_all":{"Application":"minimal-gov-org","Environment":"prod","ManagedBy":"Terraform","Project":"minimal-gov","Region":"ap-northeast-1"}},"after":null,"after_unknown":{},"before_sensitive":{"accounts":[],"tags":{},"tags_all":{}},"after_sensitive":false,"before_identity":{"account_id":"653502182074","id":"ou-7kvv-q19ysmuo"}},"action_reason":"delete_because_no_resource_config"},{"address":"module.organizations.aws_organizations_organizational_unit.sandbox","module_address":"module.organizations","mode":"managed","type":"aws_organizations_organizational_unit","name":"sandbox","provider_name":"registry.terraform.io/hashicorp/aws","change":{"actions":["delete"],"before":{"accounts":[],"arn":"arn:aws:organizations::653502182074:ou/o-hr9g7hzo9e/ou-7kvv-btgwb9ww","id":"ou-7kvv-btgwb9ww","name":"Sandbox","parent_id":"r-7kvv","tags":{"Project":"minimal-gov"},"tags_all":{"Application":"minimal-gov-org","Environment":"prod","ManagedBy":"Terraform","Project":"minimal-gov","Region":"ap-northeast-1"}},"after":null,"after_unknown":{},"before_sensitive":{"accounts":[],"tags":{},"tags_all":{}},"after_sensitive":false,"before_identity":{"account_id":"653502182074","id":"ou-7kvv-btgwb9ww"}},"action_reason":"delete_because_no_resource_config"},{"address":"module.organizations.aws_organizations_organizational_unit.security","module_address":"module.organizations","mode":"managed","type":"aws_organizations_organizational_unit","name":"security","provider_name":"registry.terraform.io/hashicorp/aws","change":{"actions":["delete"],"before":{"accounts":[{"arn":"arn:aws:organizations::653502182074:account/o-hr9g7hzo9e/454842420215","email":"rt.aws0+sec@gmail.com","id":"454842420215","name":"Security"}],"arn":"arn:aws:organizations::653502182074:ou/o-hr9g7hzo9e/ou-7kvv-z300jxp7","id":"ou-7kvv-z300jxp7","name":"Security","parent_id":"r-7kvv","tags":{"Project":"minimal-gov"},"tags_all":{"Application":"minimal-gov-org","Environment":"prod","ManagedBy":"Terraform","Project":"minimal-gov","Region":"ap-northeast-1"}},"after":null,"after_unknown":{},"before_sensitive":{"accounts":[{}],"tags":{},"tags_all":{}},"after_sensitive":false,"before_identity":{"account_id":"653502182074","id":"ou-7kvv-z300jxp7"}},"action_reason":"delete_because_no_resource_config"},{"address":"module.organizations.aws_organizations_organizational_unit.suspended","module_address":"module.organizations","mode":"managed","type":"aws_organizations_organizational_unit","name":"suspended","provider_name":"registry.terraform.io/hashicorp/aws","change":{"actions":["delete"],"before":{"accounts":[],"arn":"arn:aws:organizations::653502182074:ou/o-hr9g7hzo9e/ou-7kvv-5xe1j4i1","id":"ou-7kvv-5xe1j4i1","name":"Suspended","parent_id":"r-7kvv","tags":{"Project":"minimal-gov"},"tags_all":{"Application":"minimal-gov-org","Environment":"prod","ManagedBy":"Terraform","Project":"minimal-gov","Region":"ap-northeast-1"}},"after":null,"after_unknown":{},"before_sensitive":{"accounts":[],"tags":{},"tags_all":{}},"after_sensitive":false,"before_identity":{"account_id":"653502182074","id":"ou-7kvv-5xe1j4i1"}},"action_reason":"delete_because_no_resource_config"},{"address":"module.organizations.aws_organizations_organizational_unit.workloads","module_address":"module.organizations","mode":"managed","type":"aws_organizations_organizational_unit","name":"workloads","provider_name":"registry.terraform.io/hashicorp/aws","change":{"actions":["delete"],"before":{"accounts":[{"arn":"arn:aws:organizations::653502182074:account/o-hr9g7hzo9e/142473567293","email":"rt.aws0+ops@gmail.com","id":"142473567293","name":"Ops"},{"arn":"arn:aws:organizations::653502182074:account/o-hr9g7hzo9e/854669817093","email":"rt.aws0+network@gmail.com","id":"854669817093","name":"Network"},{"arn":"arn:aws:organizations::653502182074:account/o-hr9g7hzo9e/875486185924","email":"rt.aws0+onprem@gmail.com","id":"875486185924","name":"Onprem"}],"arn":"arn:aws:organizations::653502182074:ou/o-hr9g7hzo9e/ou-7kvv-kol2htsd","id":"ou-7kvv-kol2htsd","name":"Workloads","parent_id":"r-7kvv","tags":{"Project":"minimal-gov"},"tags_all":{"Application":"minimal-gov-org","Environment":"prod","ManagedBy":"Terraform","Project":"minimal-gov","Region":"ap-northeast-1"}},"after":null,"after_unknown":{},"before_sensitive":{"accounts":[{},{},{}],"tags":{},"tags_all":{}},"after_sensitive":false,"before_identity":{"account_id":"653502182074","id":"ou-7kvv-kol2htsd"}},"action_reason":"delete_because_no_resource_config"},{"address":"module.scp.aws_organizations_policy.addpolicy[\"SCP-DenyDisableCloudTrail\"]","module_address":"module.scp","mode":"managed","type":"aws_organizations_policy","name":"addpolicy","index":"SCP-DenyDisableCloudTrail","provider_name":"registry.terraform.io/hashicorp/aws","change":{"actions":["delete"],"before":{"arn":"arn:aws:organizations::653502182074:policy/o-hr9g7hzo9e/service_control_policy/p-9023z5na","content":"{\n  \"Version\": \"2012-10-17\",\n  \"Statement\": [\n    {\n      \"Sid\": \"DenyDisableCloudTrail\",\n      \"Effect\": \"Deny\",\n      \"Action\": [\n        \"cloudtrail:StopLogging\",\n        \"cloudtrail:DeleteTrail\"\n      ],\n      \"Resource\": \"*\"\n    }\n  ]\n}\n","description":"CloudTrailの停止・削除を禁止","id":"p-9023z5na","name":"SCP-DenyDisableCloudTrail","skip_destroy":null,"tags":{"Project":"minimal-gov"},"tags_all":{"Application":"minimal-gov-org","Environment":"prod","ManagedBy":"Terraform","Project":"minimal-gov","Region":"ap-northeast-1"},"type":"SERVICE_CONTROL_POLICY"},"after":null,"after_unknown":{},"before_sensitive":{"tags":{},"tags_all":{}},"after_sensitive":false,"before_identity":{"account_id":"653502182074","id":"p-9023z5na"}},"action_reason":"delete_because_no_resource_config"},{"address":"module.scp.aws_organizations_policy.deny_all_suspended","module_address":"module.scp","mode":"managed","type":"aws_organizations_policy","name":"deny_all_suspended","provider_name":"registry.terraform.io/hashicorp/aws","change":{"actions":["delete"],"before":{"arn":"arn:aws:organizations::653502182074:policy/o-hr9g7hzo9e/service_control_policy/p-nwzltsor","content":"{\n  \"Version\": \"2012-10-17\",\n  \"Statement\": [{\n    \"Sid\": \"DenyAllExceptSupportAndReadOnlyMeta\",\n    \"Effect\": \"Deny\",\n    \"NotAction\": [\n      \"support:*\",\n      \"iam:Get*\",\n      \"iam:List*\",\n      \"organizations:Describe*\",\n      \"cloudtrail:LookupEvents\"\n    ],\n    \"Resource\": \"*\"\n  }]\n}\n","description":"suspendedアカウントでの全アクションを拒否する","id":"p-nwzltsor","name":"SCP-DenyAllSuspended","skip_destroy":null,"tags":{"Project":"minimal-gov"},"tags_all":{"Application":"minimal-gov-org","Environment":"prod","ManagedBy":"Terraform","Project":"minimal-gov","Region":"ap-northeast-1"},"type":"SERVICE_CONTROL_POLICY"},"after":null,"after_unknown":{},"before_sensitive":{"tags":{},"tags_all":{}},"after_sensitive":false,"before_identity":{"account_id":"653502182074","id":"p-nwzltsor"}},"action_reason":"delete_because_no_resource_config"},{"address":"module.scp.aws_organizations_policy.deny_disable_sec_services","module_address":"module.scp","mode":"managed","type":"aws_organizations_policy","name":"deny_disable_sec_services","provider_name":"registry.terraform.io/hashicorp/aws","change":{"actions":["delete"],"before":{"arn":"arn:aws:organizations::653502182074:policy/o-hr9g7hzo9e/service_control_policy/p-22h1l2i0","content":"{\n  \"Version\": \"2012-10-17\",\n  \"Statement\": [\n    {\n      \"Sid\": \"DenyDisablingSecurityAndAuditServices\",\n      \"Effect\": \"Deny\",\n      \"Action\": [\n        \"cloudtrail:StopLogging\",\n        \"cloudtrail:DeleteTrail\",\n        \"config:StopConfigurationRecorder\",\n        \"config:DeleteConfigurationRecorder\",\n        \"config:DeleteDeliveryChannel\",\n        \"config:DeleteConfigRule\",\n        \"guardduty:DeleteDetector\",\n        \"guardduty:DisassociateFromAdministratorAccount\",\n        \"guardduty:DeleteMembers\",\n        \"guardduty:DisassociateMembers\",\n        \"guardduty:UpdateDetector\",\n        \"securityhub:DisableSecurityHub\",\n        \"securityhub:DeleteMembers\",\n        \"securityhub:DisassociateFromAdministratorAccount\",\n        \"securityhub:DisassociateMembers\"\n      ],\n      \"Resource\": \"*\"\n    }\n  ]\n}\n","description":"セキュリティサービスを無効化するアクションを拒否する","id":"p-22h1l2i0","name":"SCP-DenyDisablingSecurityServices","skip_destroy":null,"tags":{"Project":"minimal-gov"},"tags_all":{"Application":"minimal-gov-org","Environment":"prod","ManagedBy":"Terraform","Project":"minimal-gov","Region":"ap-northeast-1"},"type":"SERVICE_CONTROL_POLICY"},"after":null,"after_unknown":{},"before_sensitive":{"tags":{},"tags_all":{}},"after_sensitive":false,"before_identity":{"account_id":"653502182074","id":"p-22h1l2i0"}},"action_reason":"delete_because_no_resource_config"},{"address":"module.scp.aws_organizations_policy.deny_leaving_org","module_address":"module.scp","mode":"managed","type":"aws_organizations_policy","name":"deny_leaving_org","provider_name":"registry.terraform.io/hashicorp/aws","change":{"actions":["delete"],"before":{"arn":"arn:aws:organizations::653502182074:policy/o-hr9g7hzo9e/service_control_policy/p-q8xh4xzh","content":"{\n  \"Version\": \"2012-10-17\",\n  \"Statement\": [{\n    \"Sid\": \"DenyLeavingOrg\",\n    \"Effect\": \"Deny\",\n    \"Action\": [\n      \"organizations:LeaveOrganization\"\n    ],\n    \"Resource\": \"*\"\n  }]\n}\n","description":"AWS Organizationsからの離脱を拒否する","id":"p-q8xh4xzh","name":"SCP-DenyLeavingOrganization","skip_destroy":null,"tags":{"Project":"minimal-gov"},"tags_all":{"Application":"minimal-gov-org","Environment":"prod","ManagedBy":"Terraform","Project":"minimal-gov","Region":"ap-northeast-1"},"type":"SERVICE_CONTROL_POLICY"},"after":null,"after_unknown":{},"before_sensitive":{"tags":{},"tags_all":{}},"after_sensitive":false,"before_identity":{"account_id":"653502182074","id":"p-q8xh4xzh"}},"action_reason":"delete_because_no_resource_config"},{"address":"module.scp.aws_organizations_policy.deny_root","module_address":"module.scp","mode":"managed","type":"aws_organizations_policy","name":"deny_root","provider_name":"registry.terraform.io/hashicorp/aws","change":{"actions":["delete"],"before":{"arn":"arn:aws:organizations::653502182074:policy/o-hr9g7hzo9e/service_control_policy/p-k950bc7e","content":"{\n  \"Version\": \"2012-10-17\",\n  \"Statement\": [{\n    \"Sid\": \"DenyRootUser\",\n    \"Effect\": \"Deny\",\n    \"Action\": \"*\",\n    \"Resource\": \"*\",\n    \"Condition\": {\n      \"StringLike\": {\n        \"aws:PrincipalArn\": [\"arn:aws:iam::*:root\"]\n      }\n    }\n  }]\n}\n","description":"ルートユーザー使用時にすべてのアクションを拒否する","id":"p-k950bc7e","name":"SCP-DenyRootUser","skip_destroy":null,"tags":{"Project":"minimal-gov"},"tags_all":{"Application":"minimal-gov-org","Environment":"prod","ManagedBy":"Terraform","Project":"minimal-gov","Region":"ap-northeast-1"},"type":"SERVICE_CONTROL_POLICY"},"after":null,"after_unknown":{},"before_sensitive":{"tags":{},"tags_all":{}},"after_sensitive":false,"before_identity":{"account_id":"653502182074","id":"p-k950bc7e"}},"action_reason":"delete_because_no_resource_config"},{"address":"module.scp.aws_organizations_policy.deny_unapproved_regions","module_address":"module.scp","mode":"managed","type":"aws_organizations_policy","name":"deny_unapproved_regions","provider_name":"registry.terraform.io/hashicorp/aws","change":{"actions":["delete"],"before":{"arn":"arn:aws:organizations::653502182074:policy/o-hr9g7hzo9e/service_control_policy/p-7n9wm54u","content":"{\n    \"Version\": \"2012-10-17\",\n    \"Statement\": [\n        {\n            \"Sid\": \"DenyAllOutsideTokyo\",\n            \"Effect\": \"Deny\",\n            \"NotAction\": [\n                \"a4b:*\",\n                \"acm:*\",\n                \"aws-marketplace-management:*\",\n                \"aws-marketplace:*\",\n                \"aws-portal:*\",\n                \"awsbillingconsole:*\",\n                \"budgets:*\",\n                \"ce:*\",\n                \"chime:*\",\n                \"cloudfront:*\",\n                \"config:*\",\n                \"cur:*\",\n                \"directconnect:*\",\n                \"ec2:DescribeRegions\",\n                \"ec2:DescribeTransitGateways\",\n                \"ec2:DescribeVpnGateways\",\n                \"fms:*\",\n                \"globalaccelerator:*\",\n                \"health:*\",\n                \"iam:*\",\n                \"importexport:*\",\n                \"kms:*\",\n                \"mobileanalytics:*\",\n                \"networkmanager:*\",\n                \"organizations:*\",\n                \"pricing:*\",\n                \"route53:*\",\n                \"route53domains:*\",\n                \"s3:GetAccountPublic*\",\n                \"s3:ListAllMyBuckets\",\n                \"s3:PutAccountPublic*\",\n                \"shield:*\",\n                \"sts:*\",\n                \"support:*\",\n                \"trustedadvisor:*\",\n                \"waf-regional:*\",\n                \"waf:*\",\n                \"wafv2:*\",\n                \"wellarchitected:*\"\n            ],\n            \"Resource\": \"*\",\n            \"Condition\": {\n                \"StringNotEquals\": {\n                    \"aws:RequestedRegion\": \"ap-northeast-1\"\n                },\n                \"ArnNotLikeIfExists\": {\n                    \"aws:PrincipalArn\": [\n                        \"arn:aws:iam::*:role/Role1AllowedToBypassThisSCP\",\n                        \"arn:aws:iam::*:role/Role2AllowedToBypassThisSCP\"\n                    ]\n                }\n            }\n        }\n    ]\n}\n\n\n","description":"未承認リージョンでのアクションを拒否する","id":"p-7n9wm54u","name":"SCP-DenyUnapprovedRegions","skip_destroy":null,"tags":{"Project":"minimal-gov"},"tags_all":{"Application":"minimal-gov-org","Environment":"prod","ManagedBy":"Terraform","Project":"minimal-gov","Region":"ap-northeast-1"},"type":"SERVICE_CONTROL_POLICY"},"after":null,"after_unknown":{},"before_sensitive":{"tags":{},"tags_all":{}},"after_sensitive":false,"before_identity":{"account_id":"653502182074","id":"p-7n9wm54u"}},"action_reason":"delete_because_no_resource_config"},{"address":"module.scp.aws_organizations_policy_attachment.addpolicy[\"SCP-DenyDisableCloudTrail\"]","module_address":"module.scp","mode":"managed","type":"aws_organizations_policy_attachment","name":"addpolicy","index":"SCP-DenyDisableCloudTrail","provider_name":"registry.terraform.io/hashicorp/aws","change":{"actions":["delete"],"before":{"id":"ou-7kvv-z300jxp7:p-9023z5na","policy_id":"p-9023z5na","skip_destroy":null,"target_id":"ou-7kvv-z300jxp7"},"after":null,"after_unknown":{},"before_sensitive":{},"after_sensitive":false,"before_identity":{"account_id":"653502182074","policy_id":"p-9023z5na","target_id":"ou-7kvv-z300jxp7"}},"action_reason":"delete_because_no_resource_config"},{"address":"module.scp.aws_organizations_policy_attachment.deny_all_suspended","module_address":"module.scp","mode":"managed","type":"aws_organizations_policy_attachment","name":"deny_all_suspended","provider_name":"registry.terraform.io/hashicorp/aws","change":{"actions":["delete"],"before":{"id":"ou-7kvv-5xe1j4i1:p-nwzltsor","policy_id":"p-nwzltsor","skip_destroy":null,"target_id":"ou-7kvv-5xe1j4i1"},"after":null,"after_unknown":{},"before_sensitive":{},"after_sensitive":false,"before_identity":{"account_id":"653502182074","policy_id":"p-nwzltsor","target_id":"ou-7kvv-5xe1j4i1"}},"action_reason":"delete_because_no_resource_config"},{"address":"module.scp.aws_organizations_policy_attachment.deny_disable_sec_services","module_address":"module.scp","mode":"managed","type":"aws_organizations_policy_attachment","name":"deny_disable_sec_services","provider_name":"registry.terraform.io/hashicorp/aws","change":{"actions":["delete"],"before":{"id":"r-7kvv:p-22h1l2i0","policy_id":"p-22h1l2i0","skip_destroy":null,"target_id":"r-7kvv"},"after":null,"after_unknown":{},"before_sensitive":{},"after_sensitive":false,"before_identity":{"account_id":"653502182074","policy_id":"p-22h1l2i0","target_id":"r-7kvv"}},"action_reason":"delete_because_no_resource_config"},{"address":"module.scp.aws_organizations_policy_attachment.deny_leaving_org","module_address":"module.scp","mode":"managed","type":"aws_organizations_policy_attachment","name":"deny_leaving_org","provider_name":"registry.terraform.io/hashicorp/aws","change":{"actions":["delete"],"before":{"id":"r-7kvv:p-q8xh4xzh","policy_id":"p-q8xh4xzh","skip_destroy":null,"target_id":"r-7kvv"},"after":null,"after_unknown":{},"before_sensitive":{},"after_sensitive":false,"before_identity":{"account_id":"653502182074","policy_id":"p-q8xh4xzh","target_id":"r-7kvv"}},"action_reason":"delete_because_no_resource_config"},{"address":"module.scp.aws_organizations_policy_attachment.deny_root","module_address":"module.scp","mode":"managed","type":"aws_organizations_policy_attachment","name":"deny_root","provider_name":"registry.terraform.io/hashicorp/aws","change":{"actions":["delete"],"before":{"id":"r-7kvv:p-k950bc7e","policy_id":"p-k950bc7e","skip_destroy":null,"target_id":"r-7kvv"},"after":null,"after_unknown":{},"before_sensitive":{},"after_sensitive":false,"before_identity":{"account_id":"653502182074","policy_id":"p-k950bc7e","target_id":"r-7kvv"}},"action_reason":"delete_because_no_resource_config"},{"address":"module.scp.aws_organizations_policy_attachment.deny_unapproved_regions","module_address":"module.scp","mode":"managed","type":"aws_organizations_policy_attachment","name":"deny_unapproved_regions","provider_name":"registry.terraform.io/hashicorp/aws","change":{"actions":["delete"],"before":{"id":"r-7kvv:p-7n9wm54u","policy_id":"p-7n9wm54u","skip_destroy":null,"target_id":"r-7kvv"},"after":null,"after_unknown":{},"before_sensitive":{},"after_sensitive":false,"before_identity":{"account_id":"653502182074","policy_id":"p-7n9wm54u","target_id":"r-7kvv"}},"action_reason":"delete_because_no_resource_config"}],"output_changes":{"member_account_ids":{"actions":["update"],"before":{"dev":"351277498040","network":"854669817093","onprem":"875486185924","ops":"142473567293"},"after":{},"after_unknown":{"dev":true,"network":true,"onprem":true,"ops":true},"before_sensitive":false,"after_sensitive":false},"organization_id":{"actions":["update"],"before":"o-hr9g7hzo9e","after_unknown":true,"before_sensitive":false,"after_sensitive":false},"ou_ids":{"actions":["update"],"before":{"billing":"ou-7kvv-v8behsv6","dev":"ou-7kvv-rshyojxu","prod":"ou-7kvv-q19ysmuo","sandbox":"ou-7kvv-btgwb9ww","security":"ou-7kvv-z300jxp7","suspended":"ou-7kvv-5xe1j4i1","workloads":"ou-7kvv-kol2htsd"},"after":{},"after_unknown":{"billing":true,"dev":true,"prod":true,"sandbox":true,"security":true,"suspended":true,"workloads":true},"before_sensitive":false,"after_sensitive":false},"root_id":{"actions":["update"],"before":"r-7kvv","after_unknown":true,"before_sensitive":false,"after_sensitive":false},"security_account_id":{"actions":["update"],"before":"454842420215","after_unknown":true,"before_sensitive":false,"after_sensitive":false}},"prior_state":{"format_version":"1.0","terraform_version":"1.13.2","values":{"outputs":{"member_account_ids":{"sensitive":false,"value":{"dev":"351277498040","network":"854669817093","onprem":"875486185924","ops":"142473567293"},"type":["object",{"dev":"string","network":"string","onprem":"string","ops":"string"}]},"organization_id":{"sensitive":false,"value":"o-hr9g7hzo9e","type":"string"},"ou_ids":{"sensitive":false,"value":{"billing":"ou-7kvv-v8behsv6","dev":"ou-7kvv-rshyojxu","prod":"ou-7kvv-q19ysmuo","sandbox":"ou-7kvv-btgwb9ww","security":"ou-7kvv-z300jxp7","suspended":"ou-7kvv-5xe1j4i1","workloads":"ou-7kvv-kol2htsd"},"type":["object",{"billing":"string","dev":"string","prod":"string","sandbox":"string","security":"string","suspended":"string","workloads":"string"}]},"root_id":{"sensitive":false,"value":"r-7kvv","type":"string"},"security_account_id":{"sensitive":false,"value":"454842420215","type":"string"}},"root_module":{"child_modules":[{"resources":[{"address":"module.organizations.aws_organizations_account.members[\"dev\"]","mode":"managed","type":"aws_organizations_account","name":"members","index":"dev","provider_name":"registry.terraform.io/hashicorp/aws","schema_version":0,"values":{"arn":"arn:aws:organizations::653502182074:account/o-hr9g7hzo9e/351277498040","close_on_deletion":false,"create_govcloud":false,"email":"rt.aws0+test@gmail.com","govcloud_id":"","iam_user_access_to_billing":null,"id":"351277498040","joined_method":"CREATED","joined_timestamp":"2025-08-31T08:51:06Z","name":"Dev","parent_id":"ou-7kvv-rshyojxu","role_name":"OrganizationAccountAccessRole","status":"ACTIVE","tags":{"AccountType":"Dev","Project":"minimal-gov"},"tags_all":{"AccountType":"Dev","Application":"minimal-gov-org","Environment":"prod","ManagedBy":"Terraform","Project":"minimal-gov","Region":"ap-northeast-1"},"timeouts":{"create":"2h","delete":null,"update":null}},"sensitive_values":{"tags":{},"tags_all":{},"timeouts":{}},"depends_on":["module.organizations.aws_organizations_organization.this","module.organizations.aws_organizations_organizational_unit.dev","module.organizations.aws_organizations_organizational_unit.prod","module.organizations.aws_organizations_organizational_unit.sandbox","module.organizations.aws_organizations_organizational_unit.security","module.organizations.aws_organizations_organizational_unit.suspended","module.organizations.aws_organizations_organizational_unit.workloads"],"identity_schema_version":0,"identity":{"account_id":"653502182074","id":"351277498040"}},{"address":"module.organizations.aws_organizations_account.members[\"network\"]","mode":"managed","type":"aws_organizations_account","name":"members","index":"network","provider_name":"registry.terraform.io/hashicorp/aws","schema_version":0,"values":{"arn":"arn:aws:organizations::653502182074:account/o-hr9g7hzo9e/854669817093","close_on_deletion":false,"create_govcloud":false,"email":"rt.aws0+network@gmail.com","govcloud_id":"","iam_user_access_to_billing":null,"id":"854669817093","joined_method":"CREATED","joined_timestamp":"2025-08-31T08:48:24Z","name":"Network","parent_id":"ou-7kvv-kol2htsd","role_name":"OrganizationAccountAccessRole","status":"ACTIVE","tags":{"AccountType":"Network","Project":"minimal-gov"},"tags_all":{"AccountType":"Network","Application":"minimal-gov-org","Environment":"prod","ManagedBy":"Terraform","Project":"minimal-gov","Region":"ap-northeast-1"},"timeouts":{"create":"2h","delete":null,"update":null}},"sensitive_values":{"tags":{},"tags_all":{},"timeouts":{}},"depends_on":["module.organizations.aws_organizations_organization.this","module.organizations.aws_organizations_organizational_unit.dev","module.organizations.aws_organizations_organizational_unit.prod","module.organizations.aws_organizations_organizational_unit.sandbox","module.organizations.aws_organizations_organizational_unit.security","module.organizations.aws_organizations_organizational_unit.suspended","module.organizations.aws_organizations_organizational_unit.workloads"],"identity_schema_version":0,"identity":{"account_id":"653502182074","id":"854669817093"}},{"address":"module.organizations.aws_organizations_account.members[\"onprem\"]","mode":"managed","type":"aws_organizations_account","name":"members","index":"onprem","provider_name":"registry.terraform.io/hashicorp/aws","schema_version":0,"values":{"arn":"arn:aws:organizations::653502182074:account/o-hr9g7hzo9e/875486185924","close_on_deletion":false,"create_govcloud":false,"email":"rt.aws0+onprem@gmail.com","govcloud_id":"","iam_user_access_to_billing":null,"id":"875486185924","joined_method":"CREATED","joined_timestamp":"2025-09-08T09:50:12Z","name":"Onprem","parent_id":"ou-7kvv-kol2htsd","role_name":"OrganizationAccountAccessRole","status":"ACTIVE","tags":{"AccountType":"Onprem","Project":"minimal-gov"},"tags_all":{"AccountType":"Onprem","Application":"minimal-gov-org","Environment":"prod","ManagedBy":"Terraform","Project":"minimal-gov","Region":"ap-northeast-1"},"timeouts":{"create":"2h","delete":null,"update":null}},"sensitive_values":{"tags":{},"tags_all":{},"timeouts":{}},"depends_on":["module.organizations.aws_organizations_organization.this","module.organizations.aws_organizations_organizational_unit.dev","module.organizations.aws_organizations_organizational_unit.prod","module.organizations.aws_organizations_organizational_unit.sandbox","module.organizations.aws_organizations_organizational_unit.security","module.organizations.aws_organizations_organizational_unit.suspended","module.organizations.aws_organizations_organizational_unit.workloads"],"identity_schema_version":0,"identity":{"account_id":"653502182074","id":"875486185924"}},{"address":"module.organizations.aws_organizations_account.members[\"ops\"]","mode":"managed","type":"aws_organizations_account","name":"members","index":"ops","provider_name":"registry.terraform.io/hashicorp/aws","schema_version":0,"values":{"arn":"arn:aws:organizations::653502182074:account/o-hr9g7hzo9e/142473567293","close_on_deletion":false,"create_govcloud":false,"email":"rt.aws0+ops@gmail.com","govcloud_id":"","iam_user_access_to_billing":null,"id":"142473567293","joined_method":"CREATED","joined_timestamp":"2025-09-08T09:50:12Z","name":"Ops","parent_id":"ou-7kvv-kol2htsd","role_name":"OrganizationAccountAccessRole","status":"ACTIVE","tags":{"AccountType":"Ops","Project":"minimal-gov"},"tags_all":{"AccountType":"Ops","Application":"minimal-gov-org","Environment":"prod","ManagedBy":"Terraform","Project":"minimal-gov","Region":"ap-northeast-1"},"timeouts":{"create":"2h","delete":null,"update":null}},"sensitive_values":{"tags":{},"tags_all":{},"timeouts":{}},"depends_on":["module.organizations.aws_organizations_organization.this","module.organizations.aws_organizations_organizational_unit.dev","module.organizations.aws_organizations_organizational_unit.prod","module.organizations.aws_organizations_organizational_unit.sandbox","module.organizations.aws_organizations_organizational_unit.security","module.organizations.aws_organizations_organizational_unit.suspended","module.organizations.aws_organizations_organizational_unit.workloads"],"identity_schema_version":0,"identity":{"account_id":"653502182074","id":"142473567293"}},{"address":"module.organizations.aws_organizations_account.security","mode":"managed","type":"aws_organizations_account","name":"security","provider_name":"registry.terraform.io/hashicorp/aws","schema_version":0,"values":{"arn":"arn:aws:organizations::653502182074:account/o-hr9g7hzo9e/454842420215","close_on_deletion":false,"create_govcloud":false,"email":"rt.aws0+sec@gmail.com","govcloud_id":"","iam_user_access_to_billing":null,"id":"454842420215","joined_method":"CREATED","joined_timestamp":"2025-08-30T21:11:08Z","name":"Security","parent_id":"ou-7kvv-z300jxp7","role_name":"OrganizationAccountAccessRole","status":"ACTIVE","tags":{"AccountType":"Security","Project":"minimal-gov"},"tags_all":{"AccountType":"Security","Application":"minimal-gov-org","Environment":"prod","ManagedBy":"Terraform","Project":"minimal-gov","Region":"ap-northeast-1"},"timeouts":{"create":"2h","delete":null,"update":null}},"sensitive_values":{"tags":{},"tags_all":{},"timeouts":{}},"depends_on":["module.organizations.aws_organizations_organization.this","module.organizations.aws_organizations_organizational_unit.security"],"identity_schema_version":0,"identity":{"account_id":"653502182074","id":"454842420215"}},{"address":"module.organizations.aws_organizations_delegated_administrator.security_delegate[\"cloudtrail.amazonaws.com\"]","mode":"managed","type":"aws_organizations_delegated_administrator","name":"security_delegate","index":"cloudtrail.amazonaws.com","provider_name":"registry.terraform.io/hashicorp/aws","schema_version":0,"values":{"account_id":"454842420215","arn":"arn:aws:organizations::653502182074:account/o-hr9g7hzo9e/454842420215","delegation_enabled_date":"2025-08-30T21:11:19Z","email":"rt.aws0+sec@gmail.com","id":"454842420215/cloudtrail.amazonaws.com","joined_method":"CREATED","joined_timestamp":"2025-08-30T21:11:08Z","name":"Security","service_principal":"cloudtrail.amazonaws.com","status":"ACTIVE"},"sensitive_values":{},"depends_on":["module.organizations.aws_organizations_account.security","module.organizations.aws_organizations_organization.this","module.organizations.aws_organizations_organizational_unit.security"],"identity_schema_version":0,"identity":{"account_id":"653502182074","delegated_account_id":"454842420215","service_principal":"cloudtrail.amazonaws.com"}},{"address":"module.organizations.aws_organizations_delegated_administrator.security_delegate[\"config-multiaccountsetup.amazonaws.com\"]","mode":"managed","type":"aws_organizations_delegated_administrator","name":"security_delegate","index":"config-multiaccountsetup.amazonaws.com","provider_name":"registry.terraform.io/hashicorp/aws","schema_version":0,"values":{"account_id":"454842420215","arn":"arn:aws:organizations::653502182074:account/o-hr9g7hzo9e/454842420215","delegation_enabled_date":"2025-09-06T14:42:09Z","email":"rt.aws0+sec@gmail.com","id":"454842420215/config-multiaccountsetup.amazonaws.com","joined_method":"CREATED","joined_timestamp":"2025-08-30T21:11:08Z","name":"Security","service_principal":"config-multiaccountsetup.amazonaws.com","status":"ACTIVE"},"sensitive_values":{},"depends_on":["module.organizations.aws_organizations_account.security","module.organizations.aws_organizations_organization.this","module.organizations.aws_organizations_organizational_unit.security"],"identity_schema_version":0,"identity":{"account_id":"653502182074","delegated_account_id":"454842420215","service_principal":"config-multiaccountsetup.amazonaws.com"}},{"address":"module.organizations.aws_organizations_delegated_administrator.security_delegate[\"config.amazonaws.com\"]","mode":"managed","type":"aws_organizations_delegated_administrator","name":"security_delegate","index":"config.amazonaws.com","provider_name":"registry.terraform.io/hashicorp/aws","schema_version":0,"values":{"account_id":"454842420215","arn":"arn:aws:organizations::653502182074:account/o-hr9g7hzo9e/454842420215","delegation_enabled_date":"2025-08-30T21:11:22Z","email":"rt.aws0+sec@gmail.com","id":"454842420215/config.amazonaws.com","joined_method":"CREATED","joined_timestamp":"2025-08-30T21:11:08Z","name":"Security","service_principal":"config.amazonaws.com","status":"ACTIVE"},"sensitive_values":{},"depends_on":["module.organizations.aws_organizations_account.security","module.organizations.aws_organizations_organization.this","module.organizations.aws_organizations_organizational_unit.security"],"identity_schema_version":0,"identity":{"account_id":"653502182074","delegated_account_id":"454842420215","service_principal":"config.amazonaws.com"}},{"address":"module.organizations.aws_organizations_delegated_administrator.security_delegate[\"guardduty.amazonaws.com\"]","mode":"managed","type":"aws_organizations_delegated_administrator","name":"security_delegate","index":"guardduty.amazonaws.com","provider_name":"registry.terraform.io/hashicorp/aws","schema_version":0,"values":{"account_id":"454842420215","arn":"arn:aws:organizations::653502182074:account/o-hr9g7hzo9e/454842420215","delegation_enabled_date":"2025-08-30T21:11:28Z","email":"rt.aws0+sec@gmail.com","id":"454842420215/guardduty.amazonaws.com","joined_method":"CREATED","joined_timestamp":"2025-08-30T21:11:08Z","name":"Security","service_principal":"guardduty.amazonaws.com","status":"ACTIVE"},"sensitive_values":{},"depends_on":["module.organizations.aws_organizations_account.security","module.organizations.aws_organizations_organization.this","module.organizations.aws_organizations_organizational_unit.security"],"identity_schema_version":0,"identity":{"account_id":"653502182074","delegated_account_id":"454842420215","service_principal":"guardduty.amazonaws.com"}},{"address":"module.organizations.aws_organizations_delegated_administrator.security_delegate[\"securityhub.amazonaws.com\"]","mode":"managed","type":"aws_organizations_delegated_administrator","name":"security_delegate","index":"securityhub.amazonaws.com","provider_name":"registry.terraform.io/hashicorp/aws","schema_version":0,"values":{"account_id":"454842420215","arn":"arn:aws:organizations::653502182074:account/o-hr9g7hzo9e/454842420215","delegation_enabled_date":"2025-08-30T21:11:32Z","email":"rt.aws0+sec@gmail.com","id":"454842420215/securityhub.amazonaws.com","joined_method":"CREATED","joined_timestamp":"2025-08-30T21:11:08Z","name":"Security","service_principal":"securityhub.amazonaws.com","status":"ACTIVE"},"sensitive_values":{},"depends_on":["module.organizations.aws_organizations_account.security","module.organizations.aws_organizations_organization.this","module.organizations.aws_organizations_organizational_unit.security"],"identity_schema_version":0,"identity":{"account_id":"653502182074","delegated_account_id":"454842420215","service_principal":"securityhub.amazonaws.com"}},{"address":"module.organizations.aws_organizations_organization.this","mode":"managed","type":"aws_organizations_organization","name":"this","provider_name":"registry.terraform.io/hashicorp/aws","schema_version":0,"values":{"accounts":[{"arn":"arn:aws:organizations::653502182074:account/o-hr9g7hzo9e/142473567293","email":"rt.aws0+ops@gmail.com","id":"142473567293","name":"Ops","status":"ACTIVE"},{"arn":"arn:aws:organizations::653502182074:account/o-hr9g7hzo9e/351277498040","email":"rt.aws0+test@gmail.com","id":"351277498040","name":"Dev","status":"ACTIVE"},{"arn":"arn:aws:organizations::653502182074:account/o-hr9g7hzo9e/454842420215","email":"rt.aws0+sec@gmail.com","id":"454842420215","name":"Security","status":"ACTIVE"},{"arn":"arn:aws:organizations::653502182074:account/o-hr9g7hzo9e/653502182074","email":"ryosuketanji@outlook.jp","id":"653502182074","name":"ryosuke","status":"ACTIVE"},{"arn":"arn:aws:organizations::653502182074:account/o-hr9g7hzo9e/854669817093","email":"rt.aws0+network@gmail.com","id":"854669817093","name":"Network","status":"ACTIVE"},{"arn":"arn:aws:organizations::653502182074:account/o-hr9g7hzo9e/875486185924","email":"rt.aws0+onprem@gmail.com","id":"875486185924","name":"Onprem","status":"ACTIVE"}],"arn":"arn:aws:organizations::653502182074:organization/o-hr9g7hzo9e","aws_service_access_principals":["cloudtrail.amazonaws.com","config-multiaccountsetup.amazonaws.com","config.amazonaws.com","guardduty.amazonaws.com","securityhub.amazonaws.com","sso.amazonaws.com"],"enabled_policy_types":["SERVICE_CONTROL_POLICY","TAG_POLICY"],"feature_set":"ALL","id":"o-hr9g7hzo9e","master_account_arn":"arn:aws:organizations::653502182074:account/o-hr9g7hzo9e/653502182074","master_account_email":"ryosuketanji@outlook.jp","master_account_id":"653502182074","master_account_name":"ryosuke","non_master_accounts":[{"arn":"arn:aws:organizations::653502182074:account/o-hr9g7hzo9e/142473567293","email":"rt.aws0+ops@gmail.com","id":"142473567293","name":"Ops","status":"ACTIVE"},{"arn":"arn:aws:organizations::653502182074:account/o-hr9g7hzo9e/351277498040","email":"rt.aws0+test@gmail.com","id":"351277498040","name":"Dev","status":"ACTIVE"},{"arn":"arn:aws:organizations::653502182074:account/o-hr9g7hzo9e/454842420215","email":"rt.aws0+sec@gmail.com","id":"454842420215","name":"Security","status":"ACTIVE"},{"arn":"arn:aws:organizations::653502182074:account/o-hr9g7hzo9e/854669817093","email":"rt.aws0+network@gmail.com","id":"854669817093","name":"Network","status":"ACTIVE"},{"arn":"arn:aws:organizations::653502182074:account/o-hr9g7hzo9e/875486185924","email":"rt.aws0+onprem@gmail.com","id":"875486185924","name":"Onprem","status":"ACTIVE"}],"roots":[{"arn":"arn:aws:organizations::653502182074:root/o-hr9g7hzo9e/r-7kvv","id":"r-7kvv","name":"Root","policy_types":[{"status":"ENABLED","type":"SERVICE_CONTROL_POLICY"},{"status":"ENABLED","type":"TAG_POLICY"}]}]},"sensitive_values":{"accounts":[{},{},{},{},{},{}],"aws_service_access_principals":[false,false,false,false,false,false],"enabled_policy_types":[false,false],"non_master_accounts":[{},{},{},{},{}],"roots":[{"policy_types":[{},{}]}]},"identity_schema_version":0,"identity":{"account_id":"653502182074","id":"o-hr9g7hzo9e"}},{"address":"module.organizations.aws_organizations_organizational_unit.additional_ou[\"billing\"]","mode":"managed","type":"aws_organizations_organizational_unit","name":"additional_ou","index":"billing","provider_name":"registry.terraform.io/hashicorp/aws","schema_version":0,"values":{"accounts":[],"arn":"arn:aws:organizations::653502182074:ou/o-hr9g7hzo9e/ou-7kvv-v8behsv6","id":"ou-7kvv-v8behsv6","name":"billing","parent_id":"ou-7kvv-kol2htsd","tags":{"Project":"minimal-gov"},"tags_all":{"Application":"minimal-gov-org","Environment":"prod","ManagedBy":"Terraform","Project":"minimal-gov","Region":"ap-northeast-1"}},"sensitive_values":{"accounts":[],"tags":{},"tags_all":{}},"depends_on":["module.organizations.aws_organizations_organization.this","module.organizations.aws_organizations_organizational_unit.dev","module.organizations.aws_organizations_organizational_unit.prod","module.organizations.aws_organizations_organizational_unit.sandbox","module.organizations.aws_organizations_organizational_unit.security","module.organizations.aws_organizations_organizational_unit.suspended","module.organizations.aws_organizations_organizational_unit.workloads"],"identity_schema_version":0,"identity":{"account_id":"653502182074","id":"ou-7kvv-v8behsv6"}},{"address":"module.organizations.aws_organizations_organizational_unit.dev","mode":"managed","type":"aws_organizations_organizational_unit","name":"dev","provider_name":"registry.terraform.io/hashicorp/aws","schema_version":0,"values":{"accounts":[{"arn":"arn:aws:organizations::653502182074:account/o-hr9g7hzo9e/351277498040","email":"rt.aws0+test@gmail.com","id":"351277498040","name":"Dev"}],"arn":"arn:aws:organizations::653502182074:ou/o-hr9g7hzo9e/ou-7kvv-rshyojxu","id":"ou-7kvv-rshyojxu","name":"Dev","parent_id":"ou-7kvv-kol2htsd","tags":{"Project":"minimal-gov"},"tags_all":{"Application":"minimal-gov-org","Environment":"prod","ManagedBy":"Terraform","Project":"minimal-gov","Region":"ap-northeast-1"}},"sensitive_values":{"accounts":[{}],"tags":{},"tags_all":{}},"depends_on":["module.organizations.aws_organizations_organization.this","module.organizations.aws_organizations_organizational_unit.workloads"],"identity_schema_version":0,"identity":{"account_id":"653502182074","id":"ou-7kvv-rshyojxu"}},{"address":"module.organizations.aws_organizations_organizational_unit.prod","mode":"managed","type":"aws_organizations_organizational_unit","name":"prod","provider_name":"registry.terraform.io/hashicorp/aws","schema_version":0,"values":{"accounts":[],"arn":"arn:aws:organizations::653502182074:ou/o-hr9g7hzo9e/ou-7kvv-q19ysmuo","id":"ou-7kvv-q19ysmuo","name":"Prod","parent_id":"ou-7kvv-kol2htsd","tags":{"Project":"minimal-gov"},"tags_all":{"Application":"minimal-gov-org","Environment":"prod","ManagedBy":"Terraform","Project":"minimal-gov","Region":"ap-northeast-1"}},"sensitive_values":{"accounts":[],"tags":{},"tags_all":{}},"depends_on":["module.organizations.aws_organizations_organization.this","module.organizations.aws_organizations_organizational_unit.workloads"],"identity_schema_version":0,"identity":{"account_id":"653502182074","id":"ou-7kvv-q19ysmuo"}},{"address":"module.organizations.aws_organizations_organizational_unit.sandbox","mode":"managed","type":"aws_organizations_organizational_unit","name":"sandbox","provider_name":"registry.terraform.io/hashicorp/aws","schema_version":0,"values":{"accounts":[],"arn":"arn:aws:organizations::653502182074:ou/o-hr9g7hzo9e/ou-7kvv-btgwb9ww","id":"ou-7kvv-btgwb9ww","name":"Sandbox","parent_id":"r-7kvv","tags":{"Project":"minimal-gov"},"tags_all":{"Application":"minimal-gov-org","Environment":"prod","ManagedBy":"Terraform","Project":"minimal-gov","Region":"ap-northeast-1"}},"sensitive_values":{"accounts":[],"tags":{},"tags_all":{}},"depends_on":["module.organizations.aws_organizations_organization.this"],"identity_schema_version":0,"identity":{"account_id":"653502182074","id":"ou-7kvv-btgwb9ww"}},{"address":"module.organizations.aws_organizations_organizational_unit.security","mode":"managed","type":"aws_organizations_organizational_unit","name":"security","provider_name":"registry.terraform.io/hashicorp/aws","schema_version":0,"values":{"accounts":[{"arn":"arn:aws:organizations::653502182074:account/o-hr9g7hzo9e/454842420215","email":"rt.aws0+sec@gmail.com","id":"454842420215","name":"Security"}],"arn":"arn:aws:organizations::653502182074:ou/o-hr9g7hzo9e/ou-7kvv-z300jxp7","id":"ou-7kvv-z300jxp7","name":"Security","parent_id":"r-7kvv","tags":{"Project":"minimal-gov"},"tags_all":{"Application":"minimal-gov-org","Environment":"prod","ManagedBy":"Terraform","Project":"minimal-gov","Region":"ap-northeast-1"}},"sensitive_values":{"accounts":[{}],"tags":{},"tags_all":{}},"depends_on":["module.organizations.aws_organizations_organization.this"],"identity_schema_version":0,"identity":{"account_id":"653502182074","id":"ou-7kvv-z300jxp7"}},{"address":"module.organizations.aws_organizations_organizational_unit.suspended","mode":"managed","type":"aws_organizations_organizational_unit","name":"suspended","provider_name":"registry.terraform.io/hashicorp/aws","schema_version":0,"values":{"accounts":[],"arn":"arn:aws:organizations::653502182074:ou/o-hr9g7hzo9e/ou-7kvv-5xe1j4i1","id":"ou-7kvv-5xe1j4i1","name":"Suspended","parent_id":"r-7kvv","tags":{"Project":"minimal-gov"},"tags_all":{"Application":"minimal-gov-org","Environment":"prod","ManagedBy":"Terraform","Project":"minimal-gov","Region":"ap-northeast-1"}},"sensitive_values":{"accounts":[],"tags":{},"tags_all":{}},"depends_on":["module.organizations.aws_organizations_organization.this"],"identity_schema_version":0,"identity":{"account_id":"653502182074","id":"ou-7kvv-5xe1j4i1"}},{"address":"module.organizations.aws_organizations_organizational_unit.workloads","mode":"managed","type":"aws_organizations_organizational_unit","name":"workloads","provider_name":"registry.terraform.io/hashicorp/aws","schema_version":0,"values":{"accounts":[{"arn":"arn:aws:organizations::653502182074:account/o-hr9g7hzo9e/142473567293","email":"rt.aws0+ops@gmail.com","id":"142473567293","name":"Ops"},{"arn":"arn:aws:organizations::653502182074:account/o-hr9g7hzo9e/854669817093","email":"rt.aws0+network@gmail.com","id":"854669817093","name":"Network"},{"arn":"arn:aws:organizations::653502182074:account/o-hr9g7hzo9e/875486185924","email":"rt.aws0+onprem@gmail.com","id":"875486185924","name":"Onprem"}],"arn":"arn:aws:organizations::653502182074:ou/o-hr9g7hzo9e/ou-7kvv-kol2htsd","id":"ou-7kvv-kol2htsd","name":"Workloads","parent_id":"r-7kvv","tags":{"Project":"minimal-gov"},"tags_all":{"Application":"minimal-gov-org","Environment":"prod","ManagedBy":"Terraform","Project":"minimal-gov","Region":"ap-northeast-1"}},"sensitive_values":{"accounts":[{},{},{}],"tags":{},"tags_all":{}},"depends_on":["module.organizations.aws_organizations_organization.this"],"identity_schema_version":0,"identity":{"account_id":"653502182074","id":"ou-7kvv-kol2htsd"}}],"address":"module.organizations"},{"resources":[{"address":"module.scp.aws_organizations_policy.addpolicy[\"SCP-DenyDisableCloudTrail\"]","mode":"managed","type":"aws_organizations_policy","name":"addpolicy","index":"SCP-DenyDisableCloudTrail","provider_name":"registry.terraform.io/hashicorp/aws","schema_version":0,"values":{"arn":"arn:aws:organizations::653502182074:policy/o-hr9g7hzo9e/service_control_policy/p-9023z5na","content":"{\n  \"Version\": \"2012-10-17\",\n  \"Statement\": [\n    {\n      \"Sid\": \"DenyDisableCloudTrail\",\n      \"Effect\": \"Deny\",\n      \"Action\": [\n        \"cloudtrail:StopLogging\",\n        \"cloudtrail:DeleteTrail\"\n      ],\n      \"Resource\": \"*\"\n    }\n  ]\n}\n","description":"CloudTrailの停止・削除を禁止","id":"p-9023z5na","name":"SCP-DenyDisableCloudTrail","skip_destroy":null,"tags":{"Project":"minimal-gov"},"tags_all":{"Application":"minimal-gov-org","Environment":"prod","ManagedBy":"Terraform","Project":"minimal-gov","Region":"ap-northeast-1"},"type":"SERVICE_CONTROL_POLICY"},"sensitive_values":{"tags":{},"tags_all":{}},"identity_schema_version":0,"identity":{"account_id":"653502182074","id":"p-9023z5na"}},{"address":"module.scp.aws_organizations_policy.deny_all_suspended","mode":"managed","type":"aws_organizations_policy","name":"deny_all_suspended","provider_name":"registry.terraform.io/hashicorp/aws","schema_version":0,"values":{"arn":"arn:aws:organizations::653502182074:policy/o-hr9g7hzo9e/service_control_policy/p-nwzltsor","content":"{\n  \"Version\": \"2012-10-17\",\n  \"Statement\": [{\n    \"Sid\": \"DenyAllExceptSupportAndReadOnlyMeta\",\n    \"Effect\": \"Deny\",\n    \"NotAction\": [\n      \"support:*\",\n      \"iam:Get*\",\n      \"iam:List*\",\n      \"organizations:Describe*\",\n      \"cloudtrail:LookupEvents\"\n    ],\n    \"Resource\": \"*\"\n  }]\n}\n","description":"suspendedアカウントでの全アクションを拒否する","id":"p-nwzltsor","name":"SCP-DenyAllSuspended","skip_destroy":null,"tags":{"Project":"minimal-gov"},"tags_all":{"Application":"minimal-gov-org","Environment":"prod","ManagedBy":"Terraform","Project":"minimal-gov","Region":"ap-northeast-1"},"type":"SERVICE_CONTROL_POLICY"},"sensitive_values":{"tags":{},"tags_all":{}},"identity_schema_version":0,"identity":{"account_id":"653502182074","id":"p-nwzltsor"}},{"address":"module.scp.aws_organizations_policy.deny_disable_sec_services","mode":"managed","type":"aws_organizations_policy","name":"deny_disable_sec_services","provider_name":"registry.terraform.io/hashicorp/aws","schema_version":0,"values":{"arn":"arn:aws:organizations::653502182074:policy/o-hr9g7hzo9e/service_control_policy/p-22h1l2i0","content":"{\n  \"Version\": \"2012-10-17\",\n  \"Statement\": [\n    {\n      \"Sid\": \"DenyDisablingSecurityAndAuditServices\",\n      \"Effect\": \"Deny\",\n      \"Action\": [\n        \"cloudtrail:StopLogging\",\n        \"cloudtrail:DeleteTrail\",\n        \"config:StopConfigurationRecorder\",\n        \"config:DeleteConfigurationRecorder\",\n        \"config:DeleteDeliveryChannel\",\n        \"config:DeleteConfigRule\",\n        \"guardduty:DeleteDetector\",\n        \"guardduty:DisassociateFromAdministratorAccount\",\n        \"guardduty:DeleteMembers\",\n        \"guardduty:DisassociateMembers\",\n        \"guardduty:UpdateDetector\",\n        \"securityhub:DisableSecurityHub\",\n        \"securityhub:DeleteMembers\",\n        \"securityhub:DisassociateFromAdministratorAccount\",\n        \"securityhub:DisassociateMembers\"\n      ],\n      \"Resource\": \"*\"\n    }\n  ]\n}\n","description":"セキュリティサービスを無効化するアクションを拒否する","id":"p-22h1l2i0","name":"SCP-DenyDisablingSecurityServices","skip_destroy":null,"tags":{"Project":"minimal-gov"},"tags_all":{"Application":"minimal-gov-org","Environment":"prod","ManagedBy":"Terraform","Project":"minimal-gov","Region":"ap-northeast-1"},"type":"SERVICE_CONTROL_POLICY"},"sensitive_values":{"tags":{},"tags_all":{}},"identity_schema_version":0,"identity":{"account_id":"653502182074","id":"p-22h1l2i0"}},{"address":"module.scp.aws_organizations_policy.deny_leaving_org","mode":"managed","type":"aws_organizations_policy","name":"deny_leaving_org","provider_name":"registry.terraform.io/hashicorp/aws","schema_version":0,"values":{"arn":"arn:aws:organizations::653502182074:policy/o-hr9g7hzo9e/service_control_policy/p-q8xh4xzh","content":"{\n  \"Version\": \"2012-10-17\",\n  \"Statement\": [{\n    \"Sid\": \"DenyLeavingOrg\",\n    \"Effect\": \"Deny\",\n    \"Action\": [\n      \"organizations:LeaveOrganization\"\n    ],\n    \"Resource\": \"*\"\n  }]\n}\n","description":"AWS Organizationsからの離脱を拒否する","id":"p-q8xh4xzh","name":"SCP-DenyLeavingOrganization","skip_destroy":null,"tags":{"Project":"minimal-gov"},"tags_all":{"Application":"minimal-gov-org","Environment":"prod","ManagedBy":"Terraform","Project":"minimal-gov","Region":"ap-northeast-1"},"type":"SERVICE_CONTROL_POLICY"},"sensitive_values":{"tags":{},"tags_all":{}},"identity_schema_version":0,"identity":{"account_id":"653502182074","id":"p-q8xh4xzh"}},{"address":"module.scp.aws_organizations_policy.deny_root","mode":"managed","type":"aws_organizations_policy","name":"deny_root","provider_name":"registry.terraform.io/hashicorp/aws","schema_version":0,"values":{"arn":"arn:aws:organizations::653502182074:policy/o-hr9g7hzo9e/service_control_policy/p-k950bc7e","content":"{\n  \"Version\": \"2012-10-17\",\n  \"Statement\": [{\n    \"Sid\": \"DenyRootUser\",\n    \"Effect\": \"Deny\",\n    \"Action\": \"*\",\n    \"Resource\": \"*\",\n    \"Condition\": {\n      \"StringLike\": {\n        \"aws:PrincipalArn\": [\"arn:aws:iam::*:root\"]\n      }\n    }\n  }]\n}\n","description":"ルートユーザー使用時にすべてのアクションを拒否する","id":"p-k950bc7e","name":"SCP-DenyRootUser","skip_destroy":null,"tags":{"Project":"minimal-gov"},"tags_all":{"Application":"minimal-gov-org","Environment":"prod","ManagedBy":"Terraform","Project":"minimal-gov","Region":"ap-northeast-1"},"type":"SERVICE_CONTROL_POLICY"},"sensitive_values":{"tags":{},"tags_all":{}},"identity_schema_version":0,"identity":{"account_id":"653502182074","id":"p-k950bc7e"}},{"address":"module.scp.aws_organizations_policy.deny_unapproved_regions","mode":"managed","type":"aws_organizations_policy","name":"deny_unapproved_regions","provider_name":"registry.terraform.io/hashicorp/aws","schema_version":0,"values":{"arn":"arn:aws:organizations::653502182074:policy/o-hr9g7hzo9e/service_control_policy/p-7n9wm54u","content":"{\n    \"Version\": \"2012-10-17\",\n    \"Statement\": [\n        {\n            \"Sid\": \"DenyAllOutsideTokyo\",\n            \"Effect\": \"Deny\",\n            \"NotAction\": [\n                \"a4b:*\",\n                \"acm:*\",\n                \"aws-marketplace-management:*\",\n                \"aws-marketplace:*\",\n                \"aws-portal:*\",\n                \"awsbillingconsole:*\",\n                \"budgets:*\",\n                \"ce:*\",\n                \"chime:*\",\n                \"cloudfront:*\",\n                \"config:*\",\n                \"cur:*\",\n                \"directconnect:*\",\n                \"ec2:DescribeRegions\",\n                \"ec2:DescribeTransitGateways\",\n                \"ec2:DescribeVpnGateways\",\n                \"fms:*\",\n                \"globalaccelerator:*\",\n                \"health:*\",\n                \"iam:*\",\n                \"importexport:*\",\n                \"kms:*\",\n                \"mobileanalytics:*\",\n                \"networkmanager:*\",\n                \"organizations:*\",\n                \"pricing:*\",\n                \"route53:*\",\n                \"route53domains:*\",\n                \"s3:GetAccountPublic*\",\n                \"s3:ListAllMyBuckets\",\n                \"s3:PutAccountPublic*\",\n                \"shield:*\",\n                \"sts:*\",\n                \"support:*\",\n                \"trustedadvisor:*\",\n                \"waf-regional:*\",\n                \"waf:*\",\n                \"wafv2:*\",\n                \"wellarchitected:*\"\n            ],\n            \"Resource\": \"*\",\n            \"Condition\": {\n                \"StringNotEquals\": {\n                    \"aws:RequestedRegion\": \"ap-northeast-1\"\n                },\n                \"ArnNotLikeIfExists\": {\n                    \"aws:PrincipalArn\": [\n                        \"arn:aws:iam::*:role/Role1AllowedToBypassThisSCP\",\n                        \"arn:aws:iam::*:role/Role2AllowedToBypassThisSCP\"\n                    ]\n                }\n            }\n        }\n    ]\n}\n\n\n","description":"未承認リージョンでのアクションを拒否する","id":"p-7n9wm54u","name":"SCP-DenyUnapprovedRegions","skip_destroy":null,"tags":{"Project":"minimal-gov"},"tags_all":{"Application":"minimal-gov-org","Environment":"prod","ManagedBy":"Terraform","Project":"minimal-gov","Region":"ap-northeast-1"},"type":"SERVICE_CONTROL_POLICY"},"sensitive_values":{"tags":{},"tags_all":{}},"identity_schema_version":0,"identity":{"account_id":"653502182074","id":"p-7n9wm54u"}},{"address":"module.scp.aws_organizations_policy_attachment.addpolicy[\"SCP-DenyDisableCloudTrail\"]","mode":"managed","type":"aws_organizations_policy_attachment","name":"addpolicy","index":"SCP-DenyDisableCloudTrail","provider_name":"registry.terraform.io/hashicorp/aws","schema_version":0,"values":{"id":"ou-7kvv-z300jxp7:p-9023z5na","policy_id":"p-9023z5na","skip_destroy":null,"target_id":"ou-7kvv-z300jxp7"},"sensitive_values":{},"depends_on":["module.scp.aws_organizations_policy.addpolicy"],"identity_schema_version":0,"identity":{"account_id":"653502182074","policy_id":"p-9023z5na","target_id":"ou-7kvv-z300jxp7"}},{"address":"module.scp.aws_organizations_policy_attachment.deny_all_suspended","mode":"managed","type":"aws_organizations_policy_attachment","name":"deny_all_suspended","provider_name":"registry.terraform.io/hashicorp/aws","schema_version":0,"values":{"id":"ou-7kvv-5xe1j4i1:p-nwzltsor","policy_id":"p-nwzltsor","skip_destroy":null,"target_id":"ou-7kvv-5xe1j4i1"},"sensitive_values":{},"depends_on":["module.scp.aws_organizations_policy.deny_all_suspended","module.scp.data.aws_organizations_organization.this","module.scp.data.aws_organizations_organizational_units.root_ous"],"identity_schema_version":0,"identity":{"account_id":"653502182074","policy_id":"p-nwzltsor","target_id":"ou-7kvv-5xe1j4i1"}},{"address":"module.scp.aws_organizations_policy_attachment.deny_disable_sec_services","mode":"managed","type":"aws_organizations_policy_attachment","name":"deny_disable_sec_services","provider_name":"registry.terraform.io/hashicorp/aws","schema_version":0,"values":{"id":"r-7kvv:p-22h1l2i0","policy_id":"p-22h1l2i0","skip_destroy":null,"target_id":"r-7kvv"},"sensitive_values":{},"depends_on":["module.scp.aws_organizations_policy.deny_disable_sec_services","module.scp.data.aws_organizations_organization.this"],"identity_schema_version":0,"identity":{"account_id":"653502182074","policy_id":"p-22h1l2i0","target_id":"r-7kvv"}},{"address":"module.scp.aws_organizations_policy_attachment.deny_leaving_org","mode":"managed","type":"aws_organizations_policy_attachment","name":"deny_leaving_org","provider_name":"registry.terraform.io/hashicorp/aws","schema_version":0,"values":{"id":"r-7kvv:p-q8xh4xzh","policy_id":"p-q8xh4xzh","skip_destroy":null,"target_id":"r-7kvv"},"sensitive_values":{},"depends_on":["module.scp.aws_organizations_policy.deny_leaving_org","module.scp.data.aws_organizations_organization.this"],"identity_schema_version":0,"identity":{"account_id":"653502182074","policy_id":"p-q8xh4xzh","target_id":"r-7kvv"}},{"address":"module.scp.aws_organizations_policy_attachment.deny_root","mode":"managed","type":"aws_organizations_policy_attachment","name":"deny_root","provider_name":"registry.terraform.io/hashicorp/aws","schema_version":0,"values":{"id":"r-7kvv:p-k950bc7e","policy_id":"p-k950bc7e","skip_destroy":null,"target_id":"r-7kvv"},"sensitive_values":{},"depends_on":["module.scp.aws_organizations_policy.deny_root","module.scp.data.aws_organizations_organization.this"],"identity_schema_version":0,"identity":{"account_id":"653502182074","policy_id":"p-k950bc7e","target_id":"r-7kvv"}},{"address":"module.scp.aws_organizations_policy_attachment.deny_unapproved_regions","mode":"managed","type":"aws_organizations_policy_attachment","name":"deny_unapproved_regions","provider_name":"registry.terraform.io/hashicorp/aws","schema_version":0,"values":{"id":"r-7kvv:p-7n9wm54u","policy_id":"p-7n9wm54u","skip_destroy":null,"target_id":"r-7kvv"},"sensitive_values":{},"depends_on":["module.scp.aws_organizations_policy.deny_unapproved_regions","module.scp.data.aws_organizations_organization.this"],"identity_schema_version":0,"identity":{"account_id":"653502182074","policy_id":"p-7n9wm54u","target_id":"r-7kvv"}}],"address":"module.scp"}]}}},"configuration":{"provider_config":{"aws":{"name":"aws","full_name":"registry.terraform.io/hashicorp/aws","expressions":{"default_tags":[{"tags":{"references":["var.app_name","var.env","var.region"]}}],"region":{"references":["var.region"]}}}},"root_module":{"outputs":{"member_account_ids":{"expression":{"references":["aws_organizations_account.members"]},"description":"メンバーアカウントの ID マップ (key: 論理名, value: Account ID)"},"organization_id":{"expression":{"references":["aws_organizations_organization.this.id","aws_organizations_organization.this"]},"description":"AWS Organization の ID"},"ou_ids":{"expression":{"references":["local.ou_ids","aws_organizations_organizational_unit.additional_ou"]},"description":"主要 OU と追加 OU の ID マップ"},"root_id":{"expression":{"references":["local.root_id"]},"description":"Organization ルート（Root）の ID"},"security_account_id":{"expression":{"references":["aws_organizations_account.security.id","aws_organizations_account.security"]},"description":"Security アカウントの AWS Account ID"}},"resources":[{"address":"aws_organizations_account.members","mode":"managed","type":"aws_organizations_account","name":"members","provider_config_key":"aws","expressions":{"email":{"references":["each.value.email","each.value"]},"name":{"references":["each.value.name","each.value"]},"parent_id":{"references":["local.ou_ids","each.value.ou","each.value"]},"role_name":{"constant_value":"OrganizationAccountAccessRole"},"tags":{"references":["var.tags","each.value.tags","each.value"]},"timeouts":{"create":{"constant_value":"2h"}}},"schema_version":0,"for_each_expression":{"references":["var.member_accounts"]}},{"address":"aws_organizations_account.security","mode":"managed","type":"aws_organizations_account","name":"security","provider_config_key":"aws","expressions":{"email":{"references":["var.security_account_email"]},"name":{"references":["var.security_account_name"]},"parent_id":{"references":["aws_organizations_organizational_unit.security.id","aws_organizations_organizational_unit.security"]},"role_name":{"constant_value":"OrganizationAccountAccessRole"},"tags":{"references":["var.tags"]},"timeouts":{"create":{"constant_value":"2h"}}},"schema_version":0},{"address":"aws_organizations_delegated_administrator.security_delegate","mode":"managed","type":"aws_organizations_delegated_administrator","name":"security_delegate","provider_config_key":"aws","expressions":{"account_id":{"references":["aws_organizations_account.security.id","aws_organizations_account.security"]},"service_principal":{"references":["each.key"]}},"schema_version":0,"for_each_expression":{"references":["var.delegated_services"]},"depends_on":["aws_organizations_organization.this"]},{"address":"aws_organizations_organization.this","mode":"managed","type":"aws_organizations_organization","name":"this","provider_config_key":"aws","expressions":{"aws_service_access_principals":{"references":["local.service_access_principals"]},"enabled_policy_types":{"references":["var.enabled_policy_types"]},"feature_set":{"constant_value":"ALL"}},"schema_version":0},{"address":"aws_organizations_organizational_unit.additional_ou","mode":"managed","type":"aws_organizations_organizational_unit","name":"additional_ou","provider_config_key":"aws","expressions":{"name":{"references":["each.key"]},"parent_id":{"references":["local.ou_ids","each.value.parent_ou","each.value","local.root_id"]},"tags":{"references":["var.tags"]}},"schema_version":0,"for_each_expression":{"references":["var.additional_ous"]}},{"address":"aws_organizations_organizational_unit.dev","mode":"managed","type":"aws_organizations_organizational_unit","name":"dev","provider_config_key":"aws","expressions":{"name":{"constant_value":"Dev"},"parent_id":{"references":["aws_organizations_organizational_unit.workloads.id","aws_organizations_organizational_unit.workloads"]},"tags":{"references":["var.tags"]}},"schema_version":0},{"address":"aws_organizations_organizational_unit.prod","mode":"managed","type":"aws_organizations_organizational_unit","name":"prod","provider_config_key":"aws","expressions":{"name":{"constant_value":"Prod"},"parent_id":{"references":["aws_organizations_organizational_unit.workloads.id","aws_organizations_organizational_unit.workloads"]},"tags":{"references":["var.tags"]}},"schema_version":0},{"address":"aws_organizations_organizational_unit.sandbox","mode":"managed","type":"aws_organizations_organizational_unit","name":"sandbox","provider_config_key":"aws","expressions":{"name":{"constant_value":"Sandbox"},"parent_id":{"references":["local.root_id"]},"tags":{"references":["var.tags"]}},"schema_version":0},{"address":"aws_organizations_organizational_unit.security","mode":"managed","type":"aws_organizations_organizational_unit","name":"security","provider_config_key":"aws","expressions":{"name":{"constant_value":"Security"},"parent_id":{"references":["local.root_id"]},"tags":{"references":["var.tags"]}},"schema_version":0},{"address":"aws_organizations_organizational_unit.suspended","mode":"managed","type":"aws_organizations_organizational_unit","name":"suspended","provider_config_key":"aws","expressions":{"name":{"constant_value":"Suspended"},"parent_id":{"references":["local.root_id"]},"tags":{"references":["var.tags"]}},"schema_version":0},{"address":"aws_organizations_organizational_unit.workloads","mode":"managed","type":"aws_organizations_organizational_unit","name":"workloads","provider_config_key":"aws","expressions":{"name":{"constant_value":"Workloads"},"parent_id":{"references":["local.root_id"]},"tags":{"references":["var.tags"]}},"schema_version":0},{"address":"aws_ram_sharing_with_organization.enable","mode":"managed","type":"aws_ram_sharing_with_organization","name":"enable","provider_config_key":"aws","schema_version":0}],"variables":{"additional_ous":{"default":{},"description":"追加で作成したいOUのマップ。keyがOU名、valueが親OU名"},"app_name":{"description":"Application name"},"aws_service_access_principals":{"default":["guardduty.amazonaws.com","config.amazonaws.com","cloudtrail.amazonaws.com","securityhub.amazonaws.com"],"description":"サービスアクセスを有効化するリソース指定（guardduty,configなど、組織内で一元管理したいリソース）"},"delegated_services":{"description":"Securityアカウントを委任管理者に登録するサービス"},"enabled_policy_types":{"default":["SERVICE_CONTROL_POLICY","TAG_POLICY"],"description":"なんのポリシー(scp、tagポリシー等)を有効化するか"},"env":{"description":"Environment name (dev/stg/prod)"},"member_accounts":{},"region":{"description":"AWS region"},"security_account_email":{},"security_account_name":{"default":"Security"},"tags":{}}}},"relevant_attributes":[{"resource":"aws_organizations_account.security","attribute":["id"]},{"resource":"aws_organizations_organizational_unit.security","attribute":["id"]},{"resource":"aws_organizations_organization.this","attribute":["id"]},{"resource":"aws_organizations_organization.this","attribute":["roots",0,"id"]},{"resource":"aws_organizations_organizational_unit.dev","attribute":["id"]},{"resource":"aws_organizations_organizational_unit.sandbox","attribute":["id"]},{"resource":"aws_organizations_organizational_unit.suspended","attribute":["id"]},{"resource":"aws_organizations_account.members","attribute":[]},{"resource":"aws_organizations_organizational_unit.workloads","attribute":["id"]},{"resource":"aws_organizations_organizational_unit.additional_ou","attribute":[]},{"resource":"aws_organizations_organizational_unit.prod","attribute":["id"]}],"timestamp":"2025-09-17T22:51:54Z","applyable":true,"complete":true,"errored":false}
